// !$*UTF8*$!
{
	archiveVersion = 1;
	classes = {
	};
	objectVersion = 56;
	objects = {

/* Begin PBXBuildFile section */
		EB1BE3042C967F1500C64A0C /* OnboardingView.swift in Sources */ = {isa = PBXBuildFile; fileRef = EB1BE3032C967F1500C64A0C /* OnboardingView.swift */; };
		EB1BE3062C967FD600C64A0C /* UserManager.swift in Sources */ = {isa = PBXBuildFile; fileRef = EB1BE3052C967FD600C64A0C /* UserManager.swift */; };
		EB218F522CA1FE3C002EC5C4 /* StepArtView.swift in Sources */ = {isa = PBXBuildFile; fileRef = EB218F512CA1FE3C002EC5C4 /* StepArtView.swift */; };
		EB2885032C7037F50054C8D3 /* ngenartApp.swift in Sources */ = {isa = PBXBuildFile; fileRef = EB2885022C7037F50054C8D3 /* ngenartApp.swift */; };
		EB2885052C7037F50054C8D3 /* ContentView.swift in Sources */ = {isa = PBXBuildFile; fileRef = EB2885042C7037F50054C8D3 /* ContentView.swift */; };
		EB2885072C7037F80054C8D3 /* Assets.xcassets in Resources */ = {isa = PBXBuildFile; fileRef = EB2885062C7037F80054C8D3 /* Assets.xcassets */; };
		EB28850B2C7037F80054C8D3 /* Preview Assets.xcassets in Resources */ = {isa = PBXBuildFile; fileRef = EB28850A2C7037F80054C8D3 /* Preview Assets.xcassets */; };
		EB2885152C7037F80054C8D3 /* ngenartTests.swift in Sources */ = {isa = PBXBuildFile; fileRef = EB2885142C7037F80054C8D3 /* ngenartTests.swift */; };
		EB28851F2C7037F80054C8D3 /* ngenartUITests.swift in Sources */ = {isa = PBXBuildFile; fileRef = EB28851E2C7037F80054C8D3 /* ngenartUITests.swift */; };
		EB2885212C7037F80054C8D3 /* ngenartUITestsLaunchTests.swift in Sources */ = {isa = PBXBuildFile; fileRef = EB2885202C7037F80054C8D3 /* ngenartUITestsLaunchTests.swift */; };
		EB367ABE2C9A42BE0073F913 /* TemplateArtRenderer.swift in Sources */ = {isa = PBXBuildFile; fileRef = EB367ABD2C9A42BE0073F913 /* TemplateArtRenderer.swift */; };
		EB367AC02C9A42DB0073F913 /* TemplateArtView.swift in Sources */ = {isa = PBXBuildFile; fileRef = EB367ABF2C9A42DB0073F913 /* TemplateArtView.swift */; };
		EB367AC62C9A51060073F913 /* UserManager.swift in Sources */ = {isa = PBXBuildFile; fileRef = EB1BE3052C967FD600C64A0C /* UserManager.swift */; };
		EB367AC72C9A57210073F913 /* GenArtWidget.swift in Sources */ = {isa = PBXBuildFile; fileRef = EBA8A8502C935F0D00E895FA /* GenArtWidget.swift */; };
		EB367AC82C9A57270073F913 /* GenArtView.swift in Sources */ = {isa = PBXBuildFile; fileRef = EBA8A8602C93726E00E895FA /* GenArtView.swift */; };
		EB367AC92C9A5BA60073F913 /* ngenart.entitlements in Resources */ = {isa = PBXBuildFile; fileRef = EB2885082C7037F80054C8D3 /* ngenart.entitlements */; };
		EB5ACFAF2CA8C6140096BD50 /* favicon-32x32.png in Resources */ = {isa = PBXBuildFile; fileRef = EB5ACFAE2CA8C6140096BD50 /* favicon-32x32.png */; };
		EB5ACFB12CA8CDDF0096BD50 /* p5Extensions.swift in Sources */ = {isa = PBXBuildFile; fileRef = EB5ACFB02CA8CDDF0096BD50 /* p5Extensions.swift */; };
		EB9A99572C9CC4290013162D /* ThemeManager.swift in Sources */ = {isa = PBXBuildFile; fileRef = EB9A99562C9CC4290013162D /* ThemeManager.swift */; };
		EB9A99582C9CC5EA0013162D /* ThemeManager.swift in Sources */ = {isa = PBXBuildFile; fileRef = EB9A99562C9CC4290013162D /* ThemeManager.swift */; };
		EBA8A8482C935F0D00E895FA /* WidgetKit.framework in Frameworks */ = {isa = PBXBuildFile; fileRef = EBA8A8472C935F0D00E895FA /* WidgetKit.framework */; };
		EBA8A84A2C935F0D00E895FA /* SwiftUI.framework in Frameworks */ = {isa = PBXBuildFile; fileRef = EBA8A8492C935F0D00E895FA /* SwiftUI.framework */; };
		EBA8A84D2C935F0D00E895FA /* GenArtWidgetBundle.swift in Sources */ = {isa = PBXBuildFile; fileRef = EBA8A84C2C935F0D00E895FA /* GenArtWidgetBundle.swift */; };
		EBA8A84F2C935F0D00E895FA /* GenArtWidgetLiveActivity.swift in Sources */ = {isa = PBXBuildFile; fileRef = EBA8A84E2C935F0D00E895FA /* GenArtWidgetLiveActivity.swift */; };
		EBA8A8512C935F0D00E895FA /* GenArtWidget.swift in Sources */ = {isa = PBXBuildFile; fileRef = EBA8A8502C935F0D00E895FA /* GenArtWidget.swift */; };
		EBA8A8532C935F0D00E895FA /* AppIntent.swift in Sources */ = {isa = PBXBuildFile; fileRef = EBA8A8522C935F0D00E895FA /* AppIntent.swift */; };
		EBA8A8552C935F1000E895FA /* Assets.xcassets in Resources */ = {isa = PBXBuildFile; fileRef = EBA8A8542C935F1000E895FA /* Assets.xcassets */; };
		EBA8A8592C935F1000E895FA /* GenArtWidgetExtension.appex in Embed Foundation Extensions */ = {isa = PBXBuildFile; fileRef = EBA8A8452C935F0D00E895FA /* GenArtWidgetExtension.appex */; settings = {ATTRIBUTES = (RemoveHeadersOnCopy, ); }; };
		EBA8A8612C93726E00E895FA /* GenArtView.swift in Sources */ = {isa = PBXBuildFile; fileRef = EBA8A8602C93726E00E895FA /* GenArtView.swift */; };
		EBA8A8632C9392FB00E895FA /* StepArtRender.swift in Sources */ = {isa = PBXBuildFile; fileRef = EBA8A8622C9392FB00E895FA /* StepArtRender.swift */; };
		EBA8A8642C9392FB00E895FA /* StepArtRender.swift in Sources */ = {isa = PBXBuildFile; fileRef = EBA8A8622C9392FB00E895FA /* StepArtRender.swift */; };
		EBC2C9242C9653320099DCDF /* BodoniModa_18pt-Regular.ttf in Resources */ = {isa = PBXBuildFile; fileRef = EBC2C90C2C9653300099DCDF /* BodoniModa_18pt-Regular.ttf */; };
		EBC2C9252C9653320099DCDF /* BodoniModa_18pt-Regular.ttf in Resources */ = {isa = PBXBuildFile; fileRef = EBC2C90C2C9653300099DCDF /* BodoniModa_18pt-Regular.ttf */; };
		EBC2C9262C9653320099DCDF /* BodoniModa_18pt-BoldItalic.ttf in Resources */ = {isa = PBXBuildFile; fileRef = EBC2C90D2C9653300099DCDF /* BodoniModa_18pt-BoldItalic.ttf */; };
		EBC2C9272C9653320099DCDF /* BodoniModa_18pt-BoldItalic.ttf in Resources */ = {isa = PBXBuildFile; fileRef = EBC2C90D2C9653300099DCDF /* BodoniModa_18pt-BoldItalic.ttf */; };
		EBC2C9282C9653320099DCDF /* BodoniModa_9pt-MediumItalic.ttf in Resources */ = {isa = PBXBuildFile; fileRef = EBC2C90E2C9653300099DCDF /* BodoniModa_9pt-MediumItalic.ttf */; };
		EBC2C9292C9653320099DCDF /* BodoniModa_9pt-MediumItalic.ttf in Resources */ = {isa = PBXBuildFile; fileRef = EBC2C90E2C9653300099DCDF /* BodoniModa_9pt-MediumItalic.ttf */; };
		EBC2C92A2C9653320099DCDF /* BodoniModa_9pt-Italic.ttf in Resources */ = {isa = PBXBuildFile; fileRef = EBC2C90F2C9653300099DCDF /* BodoniModa_9pt-Italic.ttf */; };
		EBC2C92B2C9653320099DCDF /* BodoniModa_9pt-Italic.ttf in Resources */ = {isa = PBXBuildFile; fileRef = EBC2C90F2C9653300099DCDF /* BodoniModa_9pt-Italic.ttf */; };
		EBC2C92C2C9653320099DCDF /* BodoniModa_18pt-MediumItalic.ttf in Resources */ = {isa = PBXBuildFile; fileRef = EBC2C9102C9653300099DCDF /* BodoniModa_18pt-MediumItalic.ttf */; };
		EBC2C92D2C9653320099DCDF /* BodoniModa_18pt-MediumItalic.ttf in Resources */ = {isa = PBXBuildFile; fileRef = EBC2C9102C9653300099DCDF /* BodoniModa_18pt-MediumItalic.ttf */; };
		EBC2C92E2C9653320099DCDF /* BodoniModa_9pt-Regular.ttf in Resources */ = {isa = PBXBuildFile; fileRef = EBC2C9112C9653300099DCDF /* BodoniModa_9pt-Regular.ttf */; };
		EBC2C92F2C9653320099DCDF /* BodoniModa_9pt-Regular.ttf in Resources */ = {isa = PBXBuildFile; fileRef = EBC2C9112C9653300099DCDF /* BodoniModa_9pt-Regular.ttf */; };
		EBC2C9302C9653320099DCDF /* BodoniModa_9pt-SemiBold.ttf in Resources */ = {isa = PBXBuildFile; fileRef = EBC2C9122C9653300099DCDF /* BodoniModa_9pt-SemiBold.ttf */; };
		EBC2C9312C9653320099DCDF /* BodoniModa_9pt-SemiBold.ttf in Resources */ = {isa = PBXBuildFile; fileRef = EBC2C9122C9653300099DCDF /* BodoniModa_9pt-SemiBold.ttf */; };
		EBC2C9322C9653320099DCDF /* BodoniModa_18pt-Black.ttf in Resources */ = {isa = PBXBuildFile; fileRef = EBC2C9132C9653300099DCDF /* BodoniModa_18pt-Black.ttf */; };
		EBC2C9332C9653320099DCDF /* BodoniModa_18pt-Black.ttf in Resources */ = {isa = PBXBuildFile; fileRef = EBC2C9132C9653300099DCDF /* BodoniModa_18pt-Black.ttf */; };
		EBC2C9342C9653320099DCDF /* BodoniModa_18pt-SemiBoldItalic.ttf in Resources */ = {isa = PBXBuildFile; fileRef = EBC2C9142C9653300099DCDF /* BodoniModa_18pt-SemiBoldItalic.ttf */; };
		EBC2C9352C9653320099DCDF /* BodoniModa_18pt-SemiBoldItalic.ttf in Resources */ = {isa = PBXBuildFile; fileRef = EBC2C9142C9653300099DCDF /* BodoniModa_18pt-SemiBoldItalic.ttf */; };
		EBC2C9362C9653320099DCDF /* BodoniModa_9pt-SemiBoldItalic.ttf in Resources */ = {isa = PBXBuildFile; fileRef = EBC2C9152C9653310099DCDF /* BodoniModa_9pt-SemiBoldItalic.ttf */; };
		EBC2C9372C9653320099DCDF /* BodoniModa_9pt-SemiBoldItalic.ttf in Resources */ = {isa = PBXBuildFile; fileRef = EBC2C9152C9653310099DCDF /* BodoniModa_9pt-SemiBoldItalic.ttf */; };
		EBC2C9382C9653320099DCDF /* BodoniModa_18pt-SemiBold.ttf in Resources */ = {isa = PBXBuildFile; fileRef = EBC2C9162C9653310099DCDF /* BodoniModa_18pt-SemiBold.ttf */; };
		EBC2C9392C9653320099DCDF /* BodoniModa_18pt-SemiBold.ttf in Resources */ = {isa = PBXBuildFile; fileRef = EBC2C9162C9653310099DCDF /* BodoniModa_18pt-SemiBold.ttf */; };
		EBC2C93A2C9653320099DCDF /* BodoniModa_9pt-Bold.ttf in Resources */ = {isa = PBXBuildFile; fileRef = EBC2C9172C9653310099DCDF /* BodoniModa_9pt-Bold.ttf */; };
		EBC2C93B2C9653320099DCDF /* BodoniModa_9pt-Bold.ttf in Resources */ = {isa = PBXBuildFile; fileRef = EBC2C9172C9653310099DCDF /* BodoniModa_9pt-Bold.ttf */; };
		EBC2C93C2C9653320099DCDF /* BodoniModa_9pt-Black.ttf in Resources */ = {isa = PBXBuildFile; fileRef = EBC2C9182C9653310099DCDF /* BodoniModa_9pt-Black.ttf */; };
		EBC2C93D2C9653320099DCDF /* BodoniModa_9pt-Black.ttf in Resources */ = {isa = PBXBuildFile; fileRef = EBC2C9182C9653310099DCDF /* BodoniModa_9pt-Black.ttf */; };
		EBC2C93E2C9653320099DCDF /* BodoniModa_9pt-ExtraBold.ttf in Resources */ = {isa = PBXBuildFile; fileRef = EBC2C9192C9653310099DCDF /* BodoniModa_9pt-ExtraBold.ttf */; };
		EBC2C93F2C9653320099DCDF /* BodoniModa_9pt-ExtraBold.ttf in Resources */ = {isa = PBXBuildFile; fileRef = EBC2C9192C9653310099DCDF /* BodoniModa_9pt-ExtraBold.ttf */; };
		EBC2C9402C9653320099DCDF /* BodoniModa_18pt-BlackItalic.ttf in Resources */ = {isa = PBXBuildFile; fileRef = EBC2C91A2C9653310099DCDF /* BodoniModa_18pt-BlackItalic.ttf */; };
		EBC2C9412C9653320099DCDF /* BodoniModa_18pt-BlackItalic.ttf in Resources */ = {isa = PBXBuildFile; fileRef = EBC2C91A2C9653310099DCDF /* BodoniModa_18pt-BlackItalic.ttf */; };
		EBC2C9422C9653320099DCDF /* BodoniModa_18pt-ExtraBoldItalic.ttf in Resources */ = {isa = PBXBuildFile; fileRef = EBC2C91B2C9653310099DCDF /* BodoniModa_18pt-ExtraBoldItalic.ttf */; };
		EBC2C9432C9653320099DCDF /* BodoniModa_18pt-ExtraBoldItalic.ttf in Resources */ = {isa = PBXBuildFile; fileRef = EBC2C91B2C9653310099DCDF /* BodoniModa_18pt-ExtraBoldItalic.ttf */; };
		EBC2C9442C9653320099DCDF /* BodoniModa_9pt-BlackItalic.ttf in Resources */ = {isa = PBXBuildFile; fileRef = EBC2C91C2C9653310099DCDF /* BodoniModa_9pt-BlackItalic.ttf */; };
		EBC2C9452C9653320099DCDF /* BodoniModa_9pt-BlackItalic.ttf in Resources */ = {isa = PBXBuildFile; fileRef = EBC2C91C2C9653310099DCDF /* BodoniModa_9pt-BlackItalic.ttf */; };
		EBC2C9462C9653320099DCDF /* BodoniModa_18pt-Bold.ttf in Resources */ = {isa = PBXBuildFile; fileRef = EBC2C91D2C9653310099DCDF /* BodoniModa_18pt-Bold.ttf */; };
		EBC2C9472C9653320099DCDF /* BodoniModa_18pt-Bold.ttf in Resources */ = {isa = PBXBuildFile; fileRef = EBC2C91D2C9653310099DCDF /* BodoniModa_18pt-Bold.ttf */; };
		EBC2C9482C9653320099DCDF /* BodoniModa_18pt-Italic.ttf in Resources */ = {isa = PBXBuildFile; fileRef = EBC2C91E2C9653310099DCDF /* BodoniModa_18pt-Italic.ttf */; };
		EBC2C9492C9653320099DCDF /* BodoniModa_18pt-Italic.ttf in Resources */ = {isa = PBXBuildFile; fileRef = EBC2C91E2C9653310099DCDF /* BodoniModa_18pt-Italic.ttf */; };
		EBC2C94A2C9653320099DCDF /* BodoniModa_9pt-ExtraBoldItalic.ttf in Resources */ = {isa = PBXBuildFile; fileRef = EBC2C91F2C9653310099DCDF /* BodoniModa_9pt-ExtraBoldItalic.ttf */; };
		EBC2C94B2C9653320099DCDF /* BodoniModa_9pt-ExtraBoldItalic.ttf in Resources */ = {isa = PBXBuildFile; fileRef = EBC2C91F2C9653310099DCDF /* BodoniModa_9pt-ExtraBoldItalic.ttf */; };
		EBC2C94C2C9653320099DCDF /* BodoniModa_9pt-Medium.ttf in Resources */ = {isa = PBXBuildFile; fileRef = EBC2C9202C9653310099DCDF /* BodoniModa_9pt-Medium.ttf */; };
		EBC2C94D2C9653320099DCDF /* BodoniModa_9pt-Medium.ttf in Resources */ = {isa = PBXBuildFile; fileRef = EBC2C9202C9653310099DCDF /* BodoniModa_9pt-Medium.ttf */; };
		EBC2C94E2C9653320099DCDF /* BodoniModa_9pt-BoldItalic.ttf in Resources */ = {isa = PBXBuildFile; fileRef = EBC2C9212C9653310099DCDF /* BodoniModa_9pt-BoldItalic.ttf */; };
		EBC2C94F2C9653320099DCDF /* BodoniModa_9pt-BoldItalic.ttf in Resources */ = {isa = PBXBuildFile; fileRef = EBC2C9212C9653310099DCDF /* BodoniModa_9pt-BoldItalic.ttf */; };
		EBC2C9502C9653320099DCDF /* BodoniModa_18pt-ExtraBold.ttf in Resources */ = {isa = PBXBuildFile; fileRef = EBC2C9222C9653320099DCDF /* BodoniModa_18pt-ExtraBold.ttf */; };
		EBC2C9512C9653320099DCDF /* BodoniModa_18pt-ExtraBold.ttf in Resources */ = {isa = PBXBuildFile; fileRef = EBC2C9222C9653320099DCDF /* BodoniModa_18pt-ExtraBold.ttf */; };
		EBC2C9522C9653320099DCDF /* BodoniModa_18pt-Medium.ttf in Resources */ = {isa = PBXBuildFile; fileRef = EBC2C9232C9653320099DCDF /* BodoniModa_18pt-Medium.ttf */; };
		EBC2C9532C9653320099DCDF /* BodoniModa_18pt-Medium.ttf in Resources */ = {isa = PBXBuildFile; fileRef = EBC2C9232C9653320099DCDF /* BodoniModa_18pt-Medium.ttf */; };
		EBC2C9552C9666E20099DCDF /* HomeView.swift in Sources */ = {isa = PBXBuildFile; fileRef = EBC2C9542C9666E20099DCDF /* HomeView.swift */; };
		EBC2C9582C9667610099DCDF /* Extensions.swift in Sources */ = {isa = PBXBuildFile; fileRef = EBC2C9572C9667610099DCDF /* Extensions.swift */; };
		EBC4103B2C76DF3F00744885 /* FocusableTextField.swift in Sources */ = {isa = PBXBuildFile; fileRef = EBC4103A2C76DF3F00744885 /* FocusableTextField.swift */; };
		EBC4103D2C76E2FD00744885 /* StandardTextModifier.swift in Sources */ = {isa = PBXBuildFile; fileRef = EBC4103C2C76E2FD00744885 /* StandardTextModifier.swift */; };
		EBC410422C76E6EA00744885 /* LocationManager.swift in Sources */ = {isa = PBXBuildFile; fileRef = EBC410412C76E6EA00744885 /* LocationManager.swift */; };
		EBC410442C76E70200744885 /* PermissionsView.swift in Sources */ = {isa = PBXBuildFile; fileRef = EBC410432C76E70200744885 /* PermissionsView.swift */; };
		EBC410462C76E79100744885 /* HealthKitManager.swift in Sources */ = {isa = PBXBuildFile; fileRef = EBC410452C76E79100744885 /* HealthKitManager.swift */; };
		EBC446F32C9C8073002CDBEA /* SettingsView.swift in Sources */ = {isa = PBXBuildFile; fileRef = EBC446F22C9C8073002CDBEA /* SettingsView.swift */; };
		EBC446F52C9C96AD002CDBEA /* MotionManager.swift in Sources */ = {isa = PBXBuildFile; fileRef = EBC446F42C9C96AD002CDBEA /* MotionManager.swift */; };
		EBD2C0362CBDB1360099E2C7 /* UIKit.framework in Frameworks */ = {isa = PBXBuildFile; fileRef = EBD2C0342CBDB1320099E2C7 /* UIKit.framework */; platformFilter = ios; };
		EBD2C03B2CBDB4BE0099E2C7 /* SwiftUI.framework in Frameworks */ = {isa = PBXBuildFile; fileRef = EBD2C03A2CBDB4BE0099E2C7 /* SwiftUI.framework */; };
		EBD2C03C2CBDBC070099E2C7 /* Extensions.swift in Sources */ = {isa = PBXBuildFile; fileRef = EBC2C9572C9667610099DCDF /* Extensions.swift */; };
/* End PBXBuildFile section */

/* Begin PBXContainerItemProxy section */
		EB2885112C7037F80054C8D3 /* PBXContainerItemProxy */ = {
			isa = PBXContainerItemProxy;
			containerPortal = EB2884F72C7037F50054C8D3 /* Project object */;
			proxyType = 1;
			remoteGlobalIDString = EB2884FE2C7037F50054C8D3;
			remoteInfo = ngenart;
		};
		EB28851B2C7037F80054C8D3 /* PBXContainerItemProxy */ = {
			isa = PBXContainerItemProxy;
			containerPortal = EB2884F72C7037F50054C8D3 /* Project object */;
			proxyType = 1;
			remoteGlobalIDString = EB2884FE2C7037F50054C8D3;
			remoteInfo = ngenart;
		};
		EBA8A8572C935F1000E895FA /* PBXContainerItemProxy */ = {
			isa = PBXContainerItemProxy;
			containerPortal = EB2884F72C7037F50054C8D3 /* Project object */;
			proxyType = 1;
			remoteGlobalIDString = EBA8A8442C935F0D00E895FA;
			remoteInfo = GenArtWidgetExtension;
		};
/* End PBXContainerItemProxy section */

/* Begin PBXCopyFilesBuildPhase section */
		EBA8A85A2C935F1000E895FA /* Embed Foundation Extensions */ = {
			isa = PBXCopyFilesBuildPhase;
			buildActionMask = 2147483647;
			dstPath = "";
			dstSubfolderSpec = 13;
			files = (
				EBA8A8592C935F1000E895FA /* GenArtWidgetExtension.appex in Embed Foundation Extensions */,
			);
			name = "Embed Foundation Extensions";
			runOnlyForDeploymentPostprocessing = 0;
		};
/* End PBXCopyFilesBuildPhase section */

/* Begin PBXFileReference section */
		EB1BE3032C967F1500C64A0C /* OnboardingView.swift */ = {isa = PBXFileReference; lastKnownFileType = sourcecode.swift; path = OnboardingView.swift; sourceTree = "<group>"; };
		EB1BE3052C967FD600C64A0C /* UserManager.swift */ = {isa = PBXFileReference; lastKnownFileType = sourcecode.swift; path = UserManager.swift; sourceTree = "<group>"; };
		EB218F512CA1FE3C002EC5C4 /* StepArtView.swift */ = {isa = PBXFileReference; lastKnownFileType = sourcecode.swift; path = StepArtView.swift; sourceTree = "<group>"; };
		EB2884FF2C7037F50054C8D3 /* ngenart.app */ = {isa = PBXFileReference; explicitFileType = wrapper.application; includeInIndex = 0; path = ngenart.app; sourceTree = BUILT_PRODUCTS_DIR; };
		EB2885022C7037F50054C8D3 /* ngenartApp.swift */ = {isa = PBXFileReference; lastKnownFileType = sourcecode.swift; path = ngenartApp.swift; sourceTree = "<group>"; };
		EB2885042C7037F50054C8D3 /* ContentView.swift */ = {isa = PBXFileReference; lastKnownFileType = sourcecode.swift; path = ContentView.swift; sourceTree = "<group>"; };
		EB2885062C7037F80054C8D3 /* Assets.xcassets */ = {isa = PBXFileReference; lastKnownFileType = folder.assetcatalog; path = Assets.xcassets; sourceTree = "<group>"; };
		EB2885082C7037F80054C8D3 /* ngenart.entitlements */ = {isa = PBXFileReference; lastKnownFileType = text.plist.entitlements; path = ngenart.entitlements; sourceTree = "<group>"; };
		EB28850A2C7037F80054C8D3 /* Preview Assets.xcassets */ = {isa = PBXFileReference; lastKnownFileType = folder.assetcatalog; path = "Preview Assets.xcassets"; sourceTree = "<group>"; };
		EB2885102C7037F80054C8D3 /* ngenartTests.xctest */ = {isa = PBXFileReference; explicitFileType = wrapper.cfbundle; includeInIndex = 0; path = ngenartTests.xctest; sourceTree = BUILT_PRODUCTS_DIR; };
		EB2885142C7037F80054C8D3 /* ngenartTests.swift */ = {isa = PBXFileReference; lastKnownFileType = sourcecode.swift; path = ngenartTests.swift; sourceTree = "<group>"; };
		EB28851A2C7037F80054C8D3 /* ngenartUITests.xctest */ = {isa = PBXFileReference; explicitFileType = wrapper.cfbundle; includeInIndex = 0; path = ngenartUITests.xctest; sourceTree = BUILT_PRODUCTS_DIR; };
		EB28851E2C7037F80054C8D3 /* ngenartUITests.swift */ = {isa = PBXFileReference; lastKnownFileType = sourcecode.swift; path = ngenartUITests.swift; sourceTree = "<group>"; };
		EB2885202C7037F80054C8D3 /* ngenartUITestsLaunchTests.swift */ = {isa = PBXFileReference; lastKnownFileType = sourcecode.swift; path = ngenartUITestsLaunchTests.swift; sourceTree = "<group>"; };
		EB367ABD2C9A42BE0073F913 /* TemplateArtRenderer.swift */ = {isa = PBXFileReference; lastKnownFileType = sourcecode.swift; path = TemplateArtRenderer.swift; sourceTree = "<group>"; };
		EB367ABF2C9A42DB0073F913 /* TemplateArtView.swift */ = {isa = PBXFileReference; lastKnownFileType = sourcecode.swift; path = TemplateArtView.swift; sourceTree = "<group>"; };
		EB367AC52C9A458F0073F913 /* TemplateWidget.md */ = {isa = PBXFileReference; lastKnownFileType = net.daringfireball.markdown; path = TemplateWidget.md; sourceTree = "<group>"; };
		EB5ACFAE2CA8C6140096BD50 /* favicon-32x32.png */ = {isa = PBXFileReference; lastKnownFileType = image.png; path = "favicon-32x32.png"; sourceTree = "<group>"; };
		EB5ACFB02CA8CDDF0096BD50 /* p5Extensions.swift */ = {isa = PBXFileReference; lastKnownFileType = sourcecode.swift; path = p5Extensions.swift; sourceTree = "<group>"; };
		EB9A99562C9CC4290013162D /* ThemeManager.swift */ = {isa = PBXFileReference; lastKnownFileType = sourcecode.swift; path = ThemeManager.swift; sourceTree = "<group>"; };
		EBA8A8452C935F0D00E895FA /* GenArtWidgetExtension.appex */ = {isa = PBXFileReference; explicitFileType = "wrapper.app-extension"; includeInIndex = 0; path = GenArtWidgetExtension.appex; sourceTree = BUILT_PRODUCTS_DIR; };
		EBA8A8472C935F0D00E895FA /* WidgetKit.framework */ = {isa = PBXFileReference; lastKnownFileType = wrapper.framework; name = WidgetKit.framework; path = System/Library/Frameworks/WidgetKit.framework; sourceTree = SDKROOT; };
		EBA8A8492C935F0D00E895FA /* SwiftUI.framework */ = {isa = PBXFileReference; lastKnownFileType = wrapper.framework; name = SwiftUI.framework; path = System/Library/Frameworks/SwiftUI.framework; sourceTree = SDKROOT; };
		EBA8A84C2C935F0D00E895FA /* GenArtWidgetBundle.swift */ = {isa = PBXFileReference; lastKnownFileType = sourcecode.swift; path = GenArtWidgetBundle.swift; sourceTree = "<group>"; };
		EBA8A84E2C935F0D00E895FA /* GenArtWidgetLiveActivity.swift */ = {isa = PBXFileReference; lastKnownFileType = sourcecode.swift; path = GenArtWidgetLiveActivity.swift; sourceTree = "<group>"; };
		EBA8A8502C935F0D00E895FA /* GenArtWidget.swift */ = {isa = PBXFileReference; lastKnownFileType = sourcecode.swift; path = GenArtWidget.swift; sourceTree = "<group>"; };
		EBA8A8522C935F0D00E895FA /* AppIntent.swift */ = {isa = PBXFileReference; lastKnownFileType = sourcecode.swift; path = AppIntent.swift; sourceTree = "<group>"; };
		EBA8A8542C935F1000E895FA /* Assets.xcassets */ = {isa = PBXFileReference; lastKnownFileType = folder.assetcatalog; path = Assets.xcassets; sourceTree = "<group>"; };
		EBA8A8562C935F1000E895FA /* Info.plist */ = {isa = PBXFileReference; lastKnownFileType = text.plist.xml; path = Info.plist; sourceTree = "<group>"; };
		EBA8A85E2C93606B00E895FA /* GenArtWidgetExtension.entitlements */ = {isa = PBXFileReference; lastKnownFileType = text.plist.entitlements; path = GenArtWidgetExtension.entitlements; sourceTree = "<group>"; };
		EBA8A85F2C93623200E895FA /* GenArtWidget.entitlements */ = {isa = PBXFileReference; lastKnownFileType = text.plist.entitlements; path = GenArtWidget.entitlements; sourceTree = "<group>"; };
		EBA8A8602C93726E00E895FA /* GenArtView.swift */ = {isa = PBXFileReference; lastKnownFileType = sourcecode.swift; path = GenArtView.swift; sourceTree = "<group>"; };
		EBA8A8622C9392FB00E895FA /* StepArtRender.swift */ = {isa = PBXFileReference; lastKnownFileType = sourcecode.swift; path = StepArtRender.swift; sourceTree = "<group>"; };
		EBC2C90C2C9653300099DCDF /* BodoniModa_18pt-Regular.ttf */ = {isa = PBXFileReference; lastKnownFileType = file; path = "BodoniModa_18pt-Regular.ttf"; sourceTree = "<group>"; };
		EBC2C90D2C9653300099DCDF /* BodoniModa_18pt-BoldItalic.ttf */ = {isa = PBXFileReference; lastKnownFileType = file; path = "BodoniModa_18pt-BoldItalic.ttf"; sourceTree = "<group>"; };
		EBC2C90E2C9653300099DCDF /* BodoniModa_9pt-MediumItalic.ttf */ = {isa = PBXFileReference; lastKnownFileType = file; path = "BodoniModa_9pt-MediumItalic.ttf"; sourceTree = "<group>"; };
		EBC2C90F2C9653300099DCDF /* BodoniModa_9pt-Italic.ttf */ = {isa = PBXFileReference; lastKnownFileType = file; path = "BodoniModa_9pt-Italic.ttf"; sourceTree = "<group>"; };
		EBC2C9102C9653300099DCDF /* BodoniModa_18pt-MediumItalic.ttf */ = {isa = PBXFileReference; lastKnownFileType = file; path = "BodoniModa_18pt-MediumItalic.ttf"; sourceTree = "<group>"; };
		EBC2C9112C9653300099DCDF /* BodoniModa_9pt-Regular.ttf */ = {isa = PBXFileReference; lastKnownFileType = file; path = "BodoniModa_9pt-Regular.ttf"; sourceTree = "<group>"; };
		EBC2C9122C9653300099DCDF /* BodoniModa_9pt-SemiBold.ttf */ = {isa = PBXFileReference; lastKnownFileType = file; path = "BodoniModa_9pt-SemiBold.ttf"; sourceTree = "<group>"; };
		EBC2C9132C9653300099DCDF /* BodoniModa_18pt-Black.ttf */ = {isa = PBXFileReference; lastKnownFileType = file; path = "BodoniModa_18pt-Black.ttf"; sourceTree = "<group>"; };
		EBC2C9142C9653300099DCDF /* BodoniModa_18pt-SemiBoldItalic.ttf */ = {isa = PBXFileReference; lastKnownFileType = file; path = "BodoniModa_18pt-SemiBoldItalic.ttf"; sourceTree = "<group>"; };
		EBC2C9152C9653310099DCDF /* BodoniModa_9pt-SemiBoldItalic.ttf */ = {isa = PBXFileReference; lastKnownFileType = file; path = "BodoniModa_9pt-SemiBoldItalic.ttf"; sourceTree = "<group>"; };
		EBC2C9162C9653310099DCDF /* BodoniModa_18pt-SemiBold.ttf */ = {isa = PBXFileReference; lastKnownFileType = file; path = "BodoniModa_18pt-SemiBold.ttf"; sourceTree = "<group>"; };
		EBC2C9172C9653310099DCDF /* BodoniModa_9pt-Bold.ttf */ = {isa = PBXFileReference; lastKnownFileType = file; path = "BodoniModa_9pt-Bold.ttf"; sourceTree = "<group>"; };
		EBC2C9182C9653310099DCDF /* BodoniModa_9pt-Black.ttf */ = {isa = PBXFileReference; lastKnownFileType = file; path = "BodoniModa_9pt-Black.ttf"; sourceTree = "<group>"; };
		EBC2C9192C9653310099DCDF /* BodoniModa_9pt-ExtraBold.ttf */ = {isa = PBXFileReference; lastKnownFileType = file; path = "BodoniModa_9pt-ExtraBold.ttf"; sourceTree = "<group>"; };
		EBC2C91A2C9653310099DCDF /* BodoniModa_18pt-BlackItalic.ttf */ = {isa = PBXFileReference; lastKnownFileType = file; path = "BodoniModa_18pt-BlackItalic.ttf"; sourceTree = "<group>"; };
		EBC2C91B2C9653310099DCDF /* BodoniModa_18pt-ExtraBoldItalic.ttf */ = {isa = PBXFileReference; lastKnownFileType = file; path = "BodoniModa_18pt-ExtraBoldItalic.ttf"; sourceTree = "<group>"; };
		EBC2C91C2C9653310099DCDF /* BodoniModa_9pt-BlackItalic.ttf */ = {isa = PBXFileReference; lastKnownFileType = file; path = "BodoniModa_9pt-BlackItalic.ttf"; sourceTree = "<group>"; };
		EBC2C91D2C9653310099DCDF /* BodoniModa_18pt-Bold.ttf */ = {isa = PBXFileReference; lastKnownFileType = file; path = "BodoniModa_18pt-Bold.ttf"; sourceTree = "<group>"; };
		EBC2C91E2C9653310099DCDF /* BodoniModa_18pt-Italic.ttf */ = {isa = PBXFileReference; lastKnownFileType = file; path = "BodoniModa_18pt-Italic.ttf"; sourceTree = "<group>"; };
		EBC2C91F2C9653310099DCDF /* BodoniModa_9pt-ExtraBoldItalic.ttf */ = {isa = PBXFileReference; lastKnownFileType = file; path = "BodoniModa_9pt-ExtraBoldItalic.ttf"; sourceTree = "<group>"; };
		EBC2C9202C9653310099DCDF /* BodoniModa_9pt-Medium.ttf */ = {isa = PBXFileReference; lastKnownFileType = file; path = "BodoniModa_9pt-Medium.ttf"; sourceTree = "<group>"; };
		EBC2C9212C9653310099DCDF /* BodoniModa_9pt-BoldItalic.ttf */ = {isa = PBXFileReference; lastKnownFileType = file; path = "BodoniModa_9pt-BoldItalic.ttf"; sourceTree = "<group>"; };
		EBC2C9222C9653320099DCDF /* BodoniModa_18pt-ExtraBold.ttf */ = {isa = PBXFileReference; lastKnownFileType = file; path = "BodoniModa_18pt-ExtraBold.ttf"; sourceTree = "<group>"; };
		EBC2C9232C9653320099DCDF /* BodoniModa_18pt-Medium.ttf */ = {isa = PBXFileReference; lastKnownFileType = file; path = "BodoniModa_18pt-Medium.ttf"; sourceTree = "<group>"; };
		EBC2C9542C9666E20099DCDF /* HomeView.swift */ = {isa = PBXFileReference; lastKnownFileType = sourcecode.swift; path = HomeView.swift; sourceTree = "<group>"; };
		EBC2C9572C9667610099DCDF /* Extensions.swift */ = {isa = PBXFileReference; lastKnownFileType = sourcecode.swift; path = Extensions.swift; sourceTree = "<group>"; };
		EBC4103A2C76DF3F00744885 /* FocusableTextField.swift */ = {isa = PBXFileReference; lastKnownFileType = sourcecode.swift; path = FocusableTextField.swift; sourceTree = "<group>"; };
		EBC4103C2C76E2FD00744885 /* StandardTextModifier.swift */ = {isa = PBXFileReference; lastKnownFileType = sourcecode.swift; path = StandardTextModifier.swift; sourceTree = "<group>"; };
		EBC410412C76E6EA00744885 /* LocationManager.swift */ = {isa = PBXFileReference; lastKnownFileType = sourcecode.swift; path = LocationManager.swift; sourceTree = "<group>"; };
		EBC410432C76E70200744885 /* PermissionsView.swift */ = {isa = PBXFileReference; lastKnownFileType = sourcecode.swift; path = PermissionsView.swift; sourceTree = "<group>"; };
		EBC410452C76E79100744885 /* HealthKitManager.swift */ = {isa = PBXFileReference; lastKnownFileType = sourcecode.swift; path = HealthKitManager.swift; sourceTree = "<group>"; };
		EBC446F22C9C8073002CDBEA /* SettingsView.swift */ = {isa = PBXFileReference; lastKnownFileType = sourcecode.swift; path = SettingsView.swift; sourceTree = "<group>"; };
		EBC446F42C9C96AD002CDBEA /* MotionManager.swift */ = {isa = PBXFileReference; lastKnownFileType = sourcecode.swift; path = MotionManager.swift; sourceTree = "<group>"; };
		EBD2C0342CBDB1320099E2C7 /* UIKit.framework */ = {isa = PBXFileReference; lastKnownFileType = wrapper.framework; name = UIKit.framework; path = Platforms/iPhoneOS.platform/Developer/SDKs/iPhoneOS18.0.sdk/System/Library/Frameworks/UIKit.framework; sourceTree = DEVELOPER_DIR; };
		EBD2C03A2CBDB4BE0099E2C7 /* SwiftUI.framework */ = {isa = PBXFileReference; lastKnownFileType = wrapper.framework; name = SwiftUI.framework; path = Platforms/iPhoneOS.platform/Developer/SDKs/iPhoneOS18.0.sdk/System/Library/Frameworks/SwiftUI.framework; sourceTree = DEVELOPER_DIR; };
		EBDAF80D2C70524E00975182 /* Info.plist */ = {isa = PBXFileReference; fileEncoding = 4; lastKnownFileType = text.plist.xml; path = Info.plist; sourceTree = "<group>"; };
/* End PBXFileReference section */

/* Begin PBXFrameworksBuildPhase section */
		EB2884FC2C7037F50054C8D3 /* Frameworks */ = {
			isa = PBXFrameworksBuildPhase;
			buildActionMask = 2147483647;
			files = (
				EBD2C03B2CBDB4BE0099E2C7 /* SwiftUI.framework in Frameworks */,
				EBD2C0362CBDB1360099E2C7 /* UIKit.framework in Frameworks */,
			);
			runOnlyForDeploymentPostprocessing = 0;
		};
		EB28850D2C7037F80054C8D3 /* Frameworks */ = {
			isa = PBXFrameworksBuildPhase;
			buildActionMask = 2147483647;
			files = (
			);
			runOnlyForDeploymentPostprocessing = 0;
		};
		EB2885172C7037F80054C8D3 /* Frameworks */ = {
			isa = PBXFrameworksBuildPhase;
			buildActionMask = 2147483647;
			files = (
			);
			runOnlyForDeploymentPostprocessing = 0;
		};
		EBA8A8422C935F0D00E895FA /* Frameworks */ = {
			isa = PBXFrameworksBuildPhase;
			buildActionMask = 2147483647;
			files = (
				EBA8A84A2C935F0D00E895FA /* SwiftUI.framework in Frameworks */,
				EBA8A8482C935F0D00E895FA /* WidgetKit.framework in Frameworks */,
			);
			runOnlyForDeploymentPostprocessing = 0;
		};
/* End PBXFrameworksBuildPhase section */

/* Begin PBXGroup section */
		EB2884F62C7037F50054C8D3 = {
			isa = PBXGroup;
			children = (
				EBA8A85E2C93606B00E895FA /* GenArtWidgetExtension.entitlements */,
				EBDAF80D2C70524E00975182 /* Info.plist */,
				EB2885012C7037F50054C8D3 /* ngenart */,
				EB2885132C7037F80054C8D3 /* ngenartTests */,
				EB28851D2C7037F80054C8D3 /* ngenartUITests */,
				EBA8A84B2C935F0D00E895FA /* GenArtWidget */,
				EBA8A8462C935F0D00E895FA /* Frameworks */,
				EB2885002C7037F50054C8D3 /* Products */,
			);
			sourceTree = "<group>";
		};
		EB2885002C7037F50054C8D3 /* Products */ = {
			isa = PBXGroup;
			children = (
				EB2884FF2C7037F50054C8D3 /* ngenart.app */,
				EB2885102C7037F80054C8D3 /* ngenartTests.xctest */,
				EB28851A2C7037F80054C8D3 /* ngenartUITests.xctest */,
				EBA8A8452C935F0D00E895FA /* GenArtWidgetExtension.appex */,
			);
			name = Products;
			sourceTree = "<group>";
		};
		EB2885012C7037F50054C8D3 /* ngenart */ = {
			isa = PBXGroup;
			children = (
				EB2885022C7037F50054C8D3 /* ngenartApp.swift */,
				EB5ACFAD2CA8C5930096BD50 /* Images */,
				EBC2C90A2C9652C40099DCDF /* Fonts */,
				EBA8A8622C9392FB00E895FA /* StepArtRender.swift */,
				EB1BE3052C967FD600C64A0C /* UserManager.swift */,
				EBC2C9542C9666E20099DCDF /* HomeView.swift */,
				EB9A99562C9CC4290013162D /* ThemeManager.swift */,
				EBC446F22C9C8073002CDBEA /* SettingsView.swift */,
				EB5ACFB02CA8CDDF0096BD50 /* p5Extensions.swift */,
				EBC2C9572C9667610099DCDF /* Extensions.swift */,
				EB1BE3032C967F1500C64A0C /* OnboardingView.swift */,
				EB2885042C7037F50054C8D3 /* ContentView.swift */,
				EBA8A8602C93726E00E895FA /* GenArtView.swift */,
				EB218F512CA1FE3C002EC5C4 /* StepArtView.swift */,
				EB367ABC2C9A42A80073F913 /* Template */,
				EBC410402C76E6A300744885 /* Permissions */,
				EBC4103C2C76E2FD00744885 /* StandardTextModifier.swift */,
				EBC4103A2C76DF3F00744885 /* FocusableTextField.swift */,
				EB2885062C7037F80054C8D3 /* Assets.xcassets */,
				EB2885082C7037F80054C8D3 /* ngenart.entitlements */,
				EB2885092C7037F80054C8D3 /* Preview Content */,
			);
			path = ngenart;
			sourceTree = "<group>";
		};
		EB2885092C7037F80054C8D3 /* Preview Content */ = {
			isa = PBXGroup;
			children = (
				EB28850A2C7037F80054C8D3 /* Preview Assets.xcassets */,
			);
			path = "Preview Content";
			sourceTree = "<group>";
		};
		EB2885132C7037F80054C8D3 /* ngenartTests */ = {
			isa = PBXGroup;
			children = (
				EB2885142C7037F80054C8D3 /* ngenartTests.swift */,
			);
			path = ngenartTests;
			sourceTree = "<group>";
		};
		EB28851D2C7037F80054C8D3 /* ngenartUITests */ = {
			isa = PBXGroup;
			children = (
				EB28851E2C7037F80054C8D3 /* ngenartUITests.swift */,
				EB2885202C7037F80054C8D3 /* ngenartUITestsLaunchTests.swift */,
			);
			path = ngenartUITests;
			sourceTree = "<group>";
		};
		EB367ABC2C9A42A80073F913 /* Template */ = {
			isa = PBXGroup;
			children = (
				EB367ABD2C9A42BE0073F913 /* TemplateArtRenderer.swift */,
				EB367ABF2C9A42DB0073F913 /* TemplateArtView.swift */,
				EB367AC52C9A458F0073F913 /* TemplateWidget.md */,
			);
			path = Template;
			sourceTree = "<group>";
		};
		EB5ACFAD2CA8C5930096BD50 /* Images */ = {
			isa = PBXGroup;
			children = (
				EB5ACFAE2CA8C6140096BD50 /* favicon-32x32.png */,
			);
			path = Images;
			sourceTree = "<group>";
		};
		EBA8A8462C935F0D00E895FA /* Frameworks */ = {
			isa = PBXGroup;
			children = (
				EBD2C03A2CBDB4BE0099E2C7 /* SwiftUI.framework */,
				EBD2C0342CBDB1320099E2C7 /* UIKit.framework */,
				EBA8A8472C935F0D00E895FA /* WidgetKit.framework */,
				EBA8A8492C935F0D00E895FA /* SwiftUI.framework */,
			);
			name = Frameworks;
			sourceTree = "<group>";
		};
		EBA8A84B2C935F0D00E895FA /* GenArtWidget */ = {
			isa = PBXGroup;
			children = (
				EBA8A84C2C935F0D00E895FA /* GenArtWidgetBundle.swift */,
				EBA8A84E2C935F0D00E895FA /* GenArtWidgetLiveActivity.swift */,
				EBA8A8502C935F0D00E895FA /* GenArtWidget.swift */,
				EBA8A8522C935F0D00E895FA /* AppIntent.swift */,
				EBA8A8542C935F1000E895FA /* Assets.xcassets */,
				EBA8A8562C935F1000E895FA /* Info.plist */,
				EBA8A85F2C93623200E895FA /* GenArtWidget.entitlements */,
			);
			path = GenArtWidget;
			sourceTree = "<group>";
		};
		EBC2C90A2C9652C40099DCDF /* Fonts */ = {
			isa = PBXGroup;
			children = (
				EBC2C9182C9653310099DCDF /* BodoniModa_9pt-Black.ttf */,
				EBC2C91C2C9653310099DCDF /* BodoniModa_9pt-BlackItalic.ttf */,
				EBC2C9172C9653310099DCDF /* BodoniModa_9pt-Bold.ttf */,
				EBC2C9212C9653310099DCDF /* BodoniModa_9pt-BoldItalic.ttf */,
				EBC2C9192C9653310099DCDF /* BodoniModa_9pt-ExtraBold.ttf */,
				EBC2C91F2C9653310099DCDF /* BodoniModa_9pt-ExtraBoldItalic.ttf */,
				EBC2C90F2C9653300099DCDF /* BodoniModa_9pt-Italic.ttf */,
				EBC2C9202C9653310099DCDF /* BodoniModa_9pt-Medium.ttf */,
				EBC2C90E2C9653300099DCDF /* BodoniModa_9pt-MediumItalic.ttf */,
				EBC2C9112C9653300099DCDF /* BodoniModa_9pt-Regular.ttf */,
				EBC2C9122C9653300099DCDF /* BodoniModa_9pt-SemiBold.ttf */,
				EBC2C9152C9653310099DCDF /* BodoniModa_9pt-SemiBoldItalic.ttf */,
				EBC2C9132C9653300099DCDF /* BodoniModa_18pt-Black.ttf */,
				EBC2C91A2C9653310099DCDF /* BodoniModa_18pt-BlackItalic.ttf */,
				EBC2C91D2C9653310099DCDF /* BodoniModa_18pt-Bold.ttf */,
				EBC2C90D2C9653300099DCDF /* BodoniModa_18pt-BoldItalic.ttf */,
				EBC2C9222C9653320099DCDF /* BodoniModa_18pt-ExtraBold.ttf */,
				EBC2C91B2C9653310099DCDF /* BodoniModa_18pt-ExtraBoldItalic.ttf */,
				EBC2C91E2C9653310099DCDF /* BodoniModa_18pt-Italic.ttf */,
				EBC2C9232C9653320099DCDF /* BodoniModa_18pt-Medium.ttf */,
				EBC2C9102C9653300099DCDF /* BodoniModa_18pt-MediumItalic.ttf */,
				EBC2C90C2C9653300099DCDF /* BodoniModa_18pt-Regular.ttf */,
				EBC2C9162C9653310099DCDF /* BodoniModa_18pt-SemiBold.ttf */,
				EBC2C9142C9653300099DCDF /* BodoniModa_18pt-SemiBoldItalic.ttf */,
			);
			path = Fonts;
			sourceTree = "<group>";
		};
		EBC410402C76E6A300744885 /* Permissions */ = {
			isa = PBXGroup;
			children = (
				EBC410412C76E6EA00744885 /* LocationManager.swift */,
				EBC410452C76E79100744885 /* HealthKitManager.swift */,
				EBC446F42C9C96AD002CDBEA /* MotionManager.swift */,
				EBC410432C76E70200744885 /* PermissionsView.swift */,
			);
			name = Permissions;
			sourceTree = "<group>";
		};
/* End PBXGroup section */

/* Begin PBXNativeTarget section */
		EB2884FE2C7037F50054C8D3 /* ngenart */ = {
			isa = PBXNativeTarget;
			buildConfigurationList = EB2885242C7037F80054C8D3 /* Build configuration list for PBXNativeTarget "ngenart" */;
			buildPhases = (
				EB2884FB2C7037F50054C8D3 /* Sources */,
				EB2884FC2C7037F50054C8D3 /* Frameworks */,
				EB2884FD2C7037F50054C8D3 /* Resources */,
				EBA8A85A2C935F1000E895FA /* Embed Foundation Extensions */,
			);
			buildRules = (
			);
			dependencies = (
				EBA8A8582C935F1000E895FA /* PBXTargetDependency */,
			);
			name = ngenart;
			productName = ngenart;
			productReference = EB2884FF2C7037F50054C8D3 /* ngenart.app */;
			productType = "com.apple.product-type.application";
		};
		EB28850F2C7037F80054C8D3 /* ngenartTests */ = {
			isa = PBXNativeTarget;
			buildConfigurationList = EB2885272C7037F80054C8D3 /* Build configuration list for PBXNativeTarget "ngenartTests" */;
			buildPhases = (
				EB28850C2C7037F80054C8D3 /* Sources */,
				EB28850D2C7037F80054C8D3 /* Frameworks */,
				EB28850E2C7037F80054C8D3 /* Resources */,
			);
			buildRules = (
			);
			dependencies = (
				EB2885122C7037F80054C8D3 /* PBXTargetDependency */,
			);
			name = ngenartTests;
			productName = ngenartTests;
			productReference = EB2885102C7037F80054C8D3 /* ngenartTests.xctest */;
			productType = "com.apple.product-type.bundle.unit-test";
		};
		EB2885192C7037F80054C8D3 /* ngenartUITests */ = {
			isa = PBXNativeTarget;
			buildConfigurationList = EB28852A2C7037F80054C8D3 /* Build configuration list for PBXNativeTarget "ngenartUITests" */;
			buildPhases = (
				EB2885162C7037F80054C8D3 /* Sources */,
				EB2885172C7037F80054C8D3 /* Frameworks */,
				EB2885182C7037F80054C8D3 /* Resources */,
			);
			buildRules = (
			);
			dependencies = (
				EB28851C2C7037F80054C8D3 /* PBXTargetDependency */,
			);
			name = ngenartUITests;
			productName = ngenartUITests;
			productReference = EB28851A2C7037F80054C8D3 /* ngenartUITests.xctest */;
			productType = "com.apple.product-type.bundle.ui-testing";
		};
		EBA8A8442C935F0D00E895FA /* GenArtWidgetExtension */ = {
			isa = PBXNativeTarget;
			buildConfigurationList = EBA8A85D2C935F1000E895FA /* Build configuration list for PBXNativeTarget "GenArtWidgetExtension" */;
			buildPhases = (
				EBA8A8412C935F0D00E895FA /* Sources */,
				EBA8A8422C935F0D00E895FA /* Frameworks */,
				EBA8A8432C935F0D00E895FA /* Resources */,
			);
			buildRules = (
			);
			dependencies = (
			);
			name = GenArtWidgetExtension;
			productName = GenArtWidgetExtension;
			productReference = EBA8A8452C935F0D00E895FA /* GenArtWidgetExtension.appex */;
			productType = "com.apple.product-type.app-extension";
		};
/* End PBXNativeTarget section */

/* Begin PBXProject section */
		EB2884F72C7037F50054C8D3 /* Project object */ = {
			isa = PBXProject;
			attributes = {
				BuildIndependentTargetsInParallel = 1;
				KnownAssetTags = (
					New,
				);
				LastSwiftUpdateCheck = 1540;
				LastUpgradeCheck = 1600;
				TargetAttributes = {
					EB2884FE2C7037F50054C8D3 = {
						CreatedOnToolsVersion = 15.4;
					};
					EB28850F2C7037F80054C8D3 = {
						CreatedOnToolsVersion = 15.4;
						TestTargetID = EB2884FE2C7037F50054C8D3;
					};
					EB2885192C7037F80054C8D3 = {
						CreatedOnToolsVersion = 15.4;
						TestTargetID = EB2884FE2C7037F50054C8D3;
					};
					EBA8A8442C935F0D00E895FA = {
						CreatedOnToolsVersion = 15.4;
					};
				};
			};
			buildConfigurationList = EB2884FA2C7037F50054C8D3 /* Build configuration list for PBXProject "ngenart" */;
			compatibilityVersion = "Xcode 14.0";
			developmentRegion = en;
			hasScannedForEncodings = 0;
			knownRegions = (
				en,
				Base,
			);
			mainGroup = EB2884F62C7037F50054C8D3;
			productRefGroup = EB2885002C7037F50054C8D3 /* Products */;
			projectDirPath = "";
			projectRoot = "";
			targets = (
				EB2884FE2C7037F50054C8D3 /* ngenart */,
				EB28850F2C7037F80054C8D3 /* ngenartTests */,
				EB2885192C7037F80054C8D3 /* ngenartUITests */,
				EBA8A8442C935F0D00E895FA /* GenArtWidgetExtension */,
			);
		};
/* End PBXProject section */

/* Begin PBXResourcesBuildPhase section */
		EB2884FD2C7037F50054C8D3 /* Resources */ = {
			isa = PBXResourcesBuildPhase;
			buildActionMask = 2147483647;
			files = (
				EB367AC92C9A5BA60073F913 /* ngenart.entitlements in Resources */,
				EB5ACFAF2CA8C6140096BD50 /* favicon-32x32.png in Resources */,
				EBC2C92A2C9653320099DCDF /* BodoniModa_9pt-Italic.ttf in Resources */,
				EBC2C9322C9653320099DCDF /* BodoniModa_18pt-Black.ttf in Resources */,
				EBC2C9462C9653320099DCDF /* BodoniModa_18pt-Bold.ttf in Resources */,
				EBC2C93E2C9653320099DCDF /* BodoniModa_9pt-ExtraBold.ttf in Resources */,
				EBC2C94A2C9653320099DCDF /* BodoniModa_9pt-ExtraBoldItalic.ttf in Resources */,
				EBC2C9382C9653320099DCDF /* BodoniModa_18pt-SemiBold.ttf in Resources */,
				EBC2C9242C9653320099DCDF /* BodoniModa_18pt-Regular.ttf in Resources */,
				EBC2C9342C9653320099DCDF /* BodoniModa_18pt-SemiBoldItalic.ttf in Resources */,
				EB28850B2C7037F80054C8D3 /* Preview Assets.xcassets in Resources */,
				EBC2C9362C9653320099DCDF /* BodoniModa_9pt-SemiBoldItalic.ttf in Resources */,
				EBC2C9522C9653320099DCDF /* BodoniModa_18pt-Medium.ttf in Resources */,
				EBC2C9282C9653320099DCDF /* BodoniModa_9pt-MediumItalic.ttf in Resources */,
				EBC2C9502C9653320099DCDF /* BodoniModa_18pt-ExtraBold.ttf in Resources */,
				EBC2C9442C9653320099DCDF /* BodoniModa_9pt-BlackItalic.ttf in Resources */,
				EBC2C93C2C9653320099DCDF /* BodoniModa_9pt-Black.ttf in Resources */,
				EBC2C94C2C9653320099DCDF /* BodoniModa_9pt-Medium.ttf in Resources */,
				EBC2C9482C9653320099DCDF /* BodoniModa_18pt-Italic.ttf in Resources */,
				EBC2C9262C9653320099DCDF /* BodoniModa_18pt-BoldItalic.ttf in Resources */,
				EBC2C9422C9653320099DCDF /* BodoniModa_18pt-ExtraBoldItalic.ttf in Resources */,
				EBC2C92E2C9653320099DCDF /* BodoniModa_9pt-Regular.ttf in Resources */,
				EB2885072C7037F80054C8D3 /* Assets.xcassets in Resources */,
				EBC2C92C2C9653320099DCDF /* BodoniModa_18pt-MediumItalic.ttf in Resources */,
				EBC2C9402C9653320099DCDF /* BodoniModa_18pt-BlackItalic.ttf in Resources */,
				EBC2C94E2C9653320099DCDF /* BodoniModa_9pt-BoldItalic.ttf in Resources */,
				EBC2C9302C9653320099DCDF /* BodoniModa_9pt-SemiBold.ttf in Resources */,
				EBC2C93A2C9653320099DCDF /* BodoniModa_9pt-Bold.ttf in Resources */,
			);
			runOnlyForDeploymentPostprocessing = 0;
		};
		EB28850E2C7037F80054C8D3 /* Resources */ = {
			isa = PBXResourcesBuildPhase;
			buildActionMask = 2147483647;
			files = (
			);
			runOnlyForDeploymentPostprocessing = 0;
		};
		EB2885182C7037F80054C8D3 /* Resources */ = {
			isa = PBXResourcesBuildPhase;
			buildActionMask = 2147483647;
			files = (
			);
			runOnlyForDeploymentPostprocessing = 0;
		};
		EBA8A8432C935F0D00E895FA /* Resources */ = {
			isa = PBXResourcesBuildPhase;
			buildActionMask = 2147483647;
			files = (
				EBC2C9252C9653320099DCDF /* BodoniModa_18pt-Regular.ttf in Resources */,
				EBC2C92B2C9653320099DCDF /* BodoniModa_9pt-Italic.ttf in Resources */,
				EBC2C9452C9653320099DCDF /* BodoniModa_9pt-BlackItalic.ttf in Resources */,
				EBC2C9512C9653320099DCDF /* BodoniModa_18pt-ExtraBold.ttf in Resources */,
				EBC2C94D2C9653320099DCDF /* BodoniModa_9pt-Medium.ttf in Resources */,
				EBC2C93B2C9653320099DCDF /* BodoniModa_9pt-Bold.ttf in Resources */,
				EBC2C9412C9653320099DCDF /* BodoniModa_18pt-BlackItalic.ttf in Resources */,
				EBC2C9372C9653320099DCDF /* BodoniModa_9pt-SemiBoldItalic.ttf in Resources */,
				EBC2C9272C9653320099DCDF /* BodoniModa_18pt-BoldItalic.ttf in Resources */,
				EBC2C93F2C9653320099DCDF /* BodoniModa_9pt-ExtraBold.ttf in Resources */,
				EBC2C9432C9653320099DCDF /* BodoniModa_18pt-ExtraBoldItalic.ttf in Resources */,
				EBC2C9492C9653320099DCDF /* BodoniModa_18pt-Italic.ttf in Resources */,
				EBC2C9312C9653320099DCDF /* BodoniModa_9pt-SemiBold.ttf in Resources */,
				EBC2C93D2C9653320099DCDF /* BodoniModa_9pt-Black.ttf in Resources */,
				EBC2C94B2C9653320099DCDF /* BodoniModa_9pt-ExtraBoldItalic.ttf in Resources */,
				EBC2C92F2C9653320099DCDF /* BodoniModa_9pt-Regular.ttf in Resources */,
				EBC2C9532C9653320099DCDF /* BodoniModa_18pt-Medium.ttf in Resources */,
				EBA8A8552C935F1000E895FA /* Assets.xcassets in Resources */,
				EBC2C9352C9653320099DCDF /* BodoniModa_18pt-SemiBoldItalic.ttf in Resources */,
				EBC2C94F2C9653320099DCDF /* BodoniModa_9pt-BoldItalic.ttf in Resources */,
				EBC2C9392C9653320099DCDF /* BodoniModa_18pt-SemiBold.ttf in Resources */,
				EBC2C9472C9653320099DCDF /* BodoniModa_18pt-Bold.ttf in Resources */,
				EBC2C92D2C9653320099DCDF /* BodoniModa_18pt-MediumItalic.ttf in Resources */,
				EBC2C9292C9653320099DCDF /* BodoniModa_9pt-MediumItalic.ttf in Resources */,
				EBC2C9332C9653320099DCDF /* BodoniModa_18pt-Black.ttf in Resources */,
			);
			runOnlyForDeploymentPostprocessing = 0;
		};
/* End PBXResourcesBuildPhase section */

/* Begin PBXSourcesBuildPhase section */
		EB2884FB2C7037F50054C8D3 /* Sources */ = {
			isa = PBXSourcesBuildPhase;
			buildActionMask = 2147483647;
			files = (
				EBC4103B2C76DF3F00744885 /* FocusableTextField.swift in Sources */,
				EBC4103D2C76E2FD00744885 /* StandardTextModifier.swift in Sources */,
				EB367AC72C9A57210073F913 /* GenArtWidget.swift in Sources */,
				EB367ABE2C9A42BE0073F913 /* TemplateArtRenderer.swift in Sources */,
				EBC410462C76E79100744885 /* HealthKitManager.swift in Sources */,
				EBC446F32C9C8073002CDBEA /* SettingsView.swift in Sources */,
				EB1BE3062C967FD600C64A0C /* UserManager.swift in Sources */,
				EBA8A8632C9392FB00E895FA /* StepArtRender.swift in Sources */,
				EB5ACFB12CA8CDDF0096BD50 /* p5Extensions.swift in Sources */,
				EB367AC02C9A42DB0073F913 /* TemplateArtView.swift in Sources */,
				EBA8A8612C93726E00E895FA /* GenArtView.swift in Sources */,
				EB218F522CA1FE3C002EC5C4 /* StepArtView.swift in Sources */,
				EBC2C9552C9666E20099DCDF /* HomeView.swift in Sources */,
				EBC410422C76E6EA00744885 /* LocationManager.swift in Sources */,
				EBC2C9582C9667610099DCDF /* Extensions.swift in Sources */,
				EBC446F52C9C96AD002CDBEA /* MotionManager.swift in Sources */,
				EB2885052C7037F50054C8D3 /* ContentView.swift in Sources */,
				EB9A99572C9CC4290013162D /* ThemeManager.swift in Sources */,
				EB1BE3042C967F1500C64A0C /* OnboardingView.swift in Sources */,
				EB2885032C7037F50054C8D3 /* ngenartApp.swift in Sources */,
				EBC410442C76E70200744885 /* PermissionsView.swift in Sources */,
			);
			runOnlyForDeploymentPostprocessing = 0;
		};
		EB28850C2C7037F80054C8D3 /* Sources */ = {
			isa = PBXSourcesBuildPhase;
			buildActionMask = 2147483647;
			files = (
				EB2885152C7037F80054C8D3 /* ngenartTests.swift in Sources */,
			);
			runOnlyForDeploymentPostprocessing = 0;
		};
		EB2885162C7037F80054C8D3 /* Sources */ = {
			isa = PBXSourcesBuildPhase;
			buildActionMask = 2147483647;
			files = (
				EB2885212C7037F80054C8D3 /* ngenartUITestsLaunchTests.swift in Sources */,
				EB28851F2C7037F80054C8D3 /* ngenartUITests.swift in Sources */,
			);
			runOnlyForDeploymentPostprocessing = 0;
		};
		EBA8A8412C935F0D00E895FA /* Sources */ = {
			isa = PBXSourcesBuildPhase;
			buildActionMask = 2147483647;
			files = (
				EBA8A84D2C935F0D00E895FA /* GenArtWidgetBundle.swift in Sources */,
				EBD2C03C2CBDBC070099E2C7 /* Extensions.swift in Sources */,
				EBA8A8532C935F0D00E895FA /* AppIntent.swift in Sources */,
				EB367AC62C9A51060073F913 /* UserManager.swift in Sources */,
				EBA8A84F2C935F0D00E895FA /* GenArtWidgetLiveActivity.swift in Sources */,
				EBA8A8642C9392FB00E895FA /* StepArtRender.swift in Sources */,
				EB9A99582C9CC5EA0013162D /* ThemeManager.swift in Sources */,
				EBA8A8512C935F0D00E895FA /* GenArtWidget.swift in Sources */,
				EB367AC82C9A57270073F913 /* GenArtView.swift in Sources */,
			);
			runOnlyForDeploymentPostprocessing = 0;
		};
/* End PBXSourcesBuildPhase section */

/* Begin PBXTargetDependency section */
		EB2885122C7037F80054C8D3 /* PBXTargetDependency */ = {
			isa = PBXTargetDependency;
			target = EB2884FE2C7037F50054C8D3 /* ngenart */;
			targetProxy = EB2885112C7037F80054C8D3 /* PBXContainerItemProxy */;
		};
		EB28851C2C7037F80054C8D3 /* PBXTargetDependency */ = {
			isa = PBXTargetDependency;
			target = EB2884FE2C7037F50054C8D3 /* ngenart */;
			targetProxy = EB28851B2C7037F80054C8D3 /* PBXContainerItemProxy */;
		};
		EBA8A8582C935F1000E895FA /* PBXTargetDependency */ = {
			isa = PBXTargetDependency;
			target = EBA8A8442C935F0D00E895FA /* GenArtWidgetExtension */;
			targetProxy = EBA8A8572C935F1000E895FA /* PBXContainerItemProxy */;
		};
/* End PBXTargetDependency section */

/* Begin XCBuildConfiguration section */
		EB2885222C7037F80054C8D3 /* Debug */ = {
			isa = XCBuildConfiguration;
			buildSettings = {
				ALWAYS_SEARCH_USER_PATHS = NO;
				ASSETCATALOG_COMPILER_GENERATE_SWIFT_ASSET_SYMBOL_EXTENSIONS = YES;
				CLANG_ANALYZER_NONNULL = YES;
				CLANG_ANALYZER_NUMBER_OBJECT_CONVERSION = YES_AGGRESSIVE;
				CLANG_CXX_LANGUAGE_STANDARD = "gnu++20";
				CLANG_ENABLE_MODULES = YES;
				CLANG_ENABLE_OBJC_ARC = YES;
				CLANG_ENABLE_OBJC_WEAK = YES;
				CLANG_WARN_BLOCK_CAPTURE_AUTORELEASING = YES;
				CLANG_WARN_BOOL_CONVERSION = YES;
				CLANG_WARN_COMMA = YES;
				CLANG_WARN_CONSTANT_CONVERSION = YES;
				CLANG_WARN_DEPRECATED_OBJC_IMPLEMENTATIONS = YES;
				CLANG_WARN_DIRECT_OBJC_ISA_USAGE = YES_ERROR;
				CLANG_WARN_DOCUMENTATION_COMMENTS = YES;
				CLANG_WARN_EMPTY_BODY = YES;
				CLANG_WARN_ENUM_CONVERSION = YES;
				CLANG_WARN_INFINITE_RECURSION = YES;
				CLANG_WARN_INT_CONVERSION = YES;
				CLANG_WARN_NON_LITERAL_NULL_CONVERSION = YES;
				CLANG_WARN_OBJC_IMPLICIT_RETAIN_SELF = YES;
				CLANG_WARN_OBJC_LITERAL_CONVERSION = YES;
				CLANG_WARN_OBJC_ROOT_CLASS = YES_ERROR;
				CLANG_WARN_QUOTED_INCLUDE_IN_FRAMEWORK_HEADER = YES;
				CLANG_WARN_RANGE_LOOP_ANALYSIS = YES;
				CLANG_WARN_STRICT_PROTOTYPES = YES;
				CLANG_WARN_SUSPICIOUS_MOVE = YES;
				CLANG_WARN_UNGUARDED_AVAILABILITY = YES_AGGRESSIVE;
				CLANG_WARN_UNREACHABLE_CODE = YES;
				CLANG_WARN__DUPLICATE_METHOD_MATCH = YES;
				COPY_PHASE_STRIP = NO;
				DEAD_CODE_STRIPPING = YES;
				DEBUG_INFORMATION_FORMAT = dwarf;
				ENABLE_STRICT_OBJC_MSGSEND = YES;
				ENABLE_TESTABILITY = YES;
				ENABLE_USER_SCRIPT_SANDBOXING = YES;
				GCC_C_LANGUAGE_STANDARD = gnu17;
				GCC_DYNAMIC_NO_PIC = NO;
				GCC_NO_COMMON_BLOCKS = YES;
				GCC_OPTIMIZATION_LEVEL = 0;
				GCC_PREPROCESSOR_DEFINITIONS = (
					"DEBUG=1",
					"$(inherited)",
				);
				GCC_WARN_64_TO_32_BIT_CONVERSION = YES;
				GCC_WARN_ABOUT_RETURN_TYPE = YES_ERROR;
				GCC_WARN_UNDECLARED_SELECTOR = YES;
				GCC_WARN_UNINITIALIZED_AUTOS = YES_AGGRESSIVE;
				GCC_WARN_UNUSED_FUNCTION = YES;
				GCC_WARN_UNUSED_VARIABLE = YES;
				LOCALIZATION_PREFERS_STRING_CATALOGS = YES;
				MTL_ENABLE_DEBUG_INFO = INCLUDE_SOURCE;
				MTL_FAST_MATH = YES;
				ONLY_ACTIVE_ARCH = YES;
				SWIFT_ACTIVE_COMPILATION_CONDITIONS = "DEBUG $(inherited)";
				SWIFT_OPTIMIZATION_LEVEL = "-Onone";
			};
			name = Debug;
		};
		EB2885232C7037F80054C8D3 /* Release */ = {
			isa = XCBuildConfiguration;
			buildSettings = {
				ALWAYS_SEARCH_USER_PATHS = NO;
				ASSETCATALOG_COMPILER_GENERATE_SWIFT_ASSET_SYMBOL_EXTENSIONS = YES;
				CLANG_ANALYZER_NONNULL = YES;
				CLANG_ANALYZER_NUMBER_OBJECT_CONVERSION = YES_AGGRESSIVE;
				CLANG_CXX_LANGUAGE_STANDARD = "gnu++20";
				CLANG_ENABLE_MODULES = YES;
				CLANG_ENABLE_OBJC_ARC = YES;
				CLANG_ENABLE_OBJC_WEAK = YES;
				CLANG_WARN_BLOCK_CAPTURE_AUTORELEASING = YES;
				CLANG_WARN_BOOL_CONVERSION = YES;
				CLANG_WARN_COMMA = YES;
				CLANG_WARN_CONSTANT_CONVERSION = YES;
				CLANG_WARN_DEPRECATED_OBJC_IMPLEMENTATIONS = YES;
				CLANG_WARN_DIRECT_OBJC_ISA_USAGE = YES_ERROR;
				CLANG_WARN_DOCUMENTATION_COMMENTS = YES;
				CLANG_WARN_EMPTY_BODY = YES;
				CLANG_WARN_ENUM_CONVERSION = YES;
				CLANG_WARN_INFINITE_RECURSION = YES;
				CLANG_WARN_INT_CONVERSION = YES;
				CLANG_WARN_NON_LITERAL_NULL_CONVERSION = YES;
				CLANG_WARN_OBJC_IMPLICIT_RETAIN_SELF = YES;
				CLANG_WARN_OBJC_LITERAL_CONVERSION = YES;
				CLANG_WARN_OBJC_ROOT_CLASS = YES_ERROR;
				CLANG_WARN_QUOTED_INCLUDE_IN_FRAMEWORK_HEADER = YES;
				CLANG_WARN_RANGE_LOOP_ANALYSIS = YES;
				CLANG_WARN_STRICT_PROTOTYPES = YES;
				CLANG_WARN_SUSPICIOUS_MOVE = YES;
				CLANG_WARN_UNGUARDED_AVAILABILITY = YES_AGGRESSIVE;
				CLANG_WARN_UNREACHABLE_CODE = YES;
				CLANG_WARN__DUPLICATE_METHOD_MATCH = YES;
				COPY_PHASE_STRIP = NO;
				DEAD_CODE_STRIPPING = YES;
				DEBUG_INFORMATION_FORMAT = "dwarf-with-dsym";
				ENABLE_NS_ASSERTIONS = NO;
				ENABLE_STRICT_OBJC_MSGSEND = YES;
				ENABLE_USER_SCRIPT_SANDBOXING = YES;
				GCC_C_LANGUAGE_STANDARD = gnu17;
				GCC_NO_COMMON_BLOCKS = YES;
				GCC_WARN_64_TO_32_BIT_CONVERSION = YES;
				GCC_WARN_ABOUT_RETURN_TYPE = YES_ERROR;
				GCC_WARN_UNDECLARED_SELECTOR = YES;
				GCC_WARN_UNINITIALIZED_AUTOS = YES_AGGRESSIVE;
				GCC_WARN_UNUSED_FUNCTION = YES;
				GCC_WARN_UNUSED_VARIABLE = YES;
				LOCALIZATION_PREFERS_STRING_CATALOGS = YES;
				MTL_ENABLE_DEBUG_INFO = NO;
				MTL_FAST_MATH = YES;
				SWIFT_COMPILATION_MODE = wholemodule;
			};
			name = Release;
		};
		EB2885252C7037F80054C8D3 /* Debug */ = {
			isa = XCBuildConfiguration;
			buildSettings = {
				ASSETCATALOG_COMPILER_APPICON_NAME = AppIcon;
				ASSETCATALOG_COMPILER_GLOBAL_ACCENT_COLOR_NAME = AccentColor;
				CODE_SIGN_ENTITLEMENTS = ngenart/ngenart.entitlements;
				"CODE_SIGN_IDENTITY[sdk=macosx*]" = "Apple Development";
				CODE_SIGN_STYLE = Automatic;
				CURRENT_PROJECT_VERSION = 1;
				DEAD_CODE_STRIPPING = YES;
				DEVELOPMENT_ASSET_PATHS = "\"ngenart/Preview Content\"";
				DEVELOPMENT_TEAM = HY8S2WXJ2X;
				ENABLE_PREVIEWS = YES;
				GENERATE_INFOPLIST_FILE = YES;
				INFOPLIST_FILE = "$(SRCROOT)/Info.plist";
				INFOPLIST_KEY_NSHealthShareUsageDescription = "This app requires access to your health data to track your steps, sleep, and distance data for personalized insights and analysis.";
				INFOPLIST_KEY_NSHealthUpdateUsageDescription = "This app may update your health data to ensure accurate tracking of your steps, sleep, and distance information.";
				INFOPLIST_KEY_NSLocationAlwaysUsageDescription = "We need your location to provide a better experience.";
				INFOPLIST_KEY_NSLocationWhenInUseUsageDescription = "We need your location to provide a better experience.";
				"INFOPLIST_KEY_UIApplicationSceneManifest_Generation[sdk=iphoneos*]" = YES;
				"INFOPLIST_KEY_UIApplicationSceneManifest_Generation[sdk=iphonesimulator*]" = YES;
				"INFOPLIST_KEY_UIApplicationSupportsIndirectInputEvents[sdk=iphoneos*]" = YES;
				"INFOPLIST_KEY_UIApplicationSupportsIndirectInputEvents[sdk=iphonesimulator*]" = YES;
				"INFOPLIST_KEY_UILaunchScreen_Generation[sdk=iphoneos*]" = YES;
				"INFOPLIST_KEY_UILaunchScreen_Generation[sdk=iphonesimulator*]" = YES;
				"INFOPLIST_KEY_UIStatusBarStyle[sdk=iphoneos*]" = UIStatusBarStyleDefault;
				"INFOPLIST_KEY_UIStatusBarStyle[sdk=iphonesimulator*]" = UIStatusBarStyleDefault;
				INFOPLIST_KEY_UISupportedInterfaceOrientations_iPad = "UIInterfaceOrientationPortrait UIInterfaceOrientationPortraitUpsideDown UIInterfaceOrientationLandscapeLeft UIInterfaceOrientationLandscapeRight";
				INFOPLIST_KEY_UISupportedInterfaceOrientations_iPhone = "UIInterfaceOrientationPortrait UIInterfaceOrientationLandscapeLeft UIInterfaceOrientationLandscapeRight";
				IPHONEOS_DEPLOYMENT_TARGET = 17.5;
				LD_RUNPATH_SEARCH_PATHS = "@executable_path/Frameworks";
				"LD_RUNPATH_SEARCH_PATHS[sdk=macosx*]" = "@executable_path/../Frameworks";
				MACOSX_DEPLOYMENT_TARGET = 14.5;
				MARKETING_VERSION = 1.0;
				PRODUCT_BUNDLE_IDENTIFIER = com.ngenart.dataArt;
				PRODUCT_NAME = "$(TARGET_NAME)";
				SDKROOT = auto;
				SUPPORTED_PLATFORMS = "iphoneos iphonesimulator macosx";
				SWIFT_EMIT_LOC_STRINGS = YES;
				SWIFT_VERSION = 5.0;
				TARGETED_DEVICE_FAMILY = "1,2";
			};
			name = Debug;
		};
		EB2885262C7037F80054C8D3 /* Release */ = {
			isa = XCBuildConfiguration;
			buildSettings = {
				ASSETCATALOG_COMPILER_APPICON_NAME = AppIcon;
				ASSETCATALOG_COMPILER_GLOBAL_ACCENT_COLOR_NAME = AccentColor;
				CODE_SIGN_ENTITLEMENTS = ngenart/ngenart.entitlements;
				"CODE_SIGN_IDENTITY[sdk=macosx*]" = "Apple Development";
				CODE_SIGN_STYLE = Automatic;
				CURRENT_PROJECT_VERSION = 1;
				DEAD_CODE_STRIPPING = YES;
				DEVELOPMENT_ASSET_PATHS = "\"ngenart/Preview Content\"";
				DEVELOPMENT_TEAM = HY8S2WXJ2X;
				ENABLE_PREVIEWS = YES;
				GENERATE_INFOPLIST_FILE = YES;
				INFOPLIST_FILE = "$(SRCROOT)/Info.plist";
				INFOPLIST_KEY_NSHealthShareUsageDescription = "This app requires access to your health data to track your steps, sleep, and distance data for personalized insights and analysis.";
				INFOPLIST_KEY_NSHealthUpdateUsageDescription = "This app may update your health data to ensure accurate tracking of your steps, sleep, and distance information.";
				INFOPLIST_KEY_NSLocationAlwaysUsageDescription = "We need your location to provide a better experience.";
				INFOPLIST_KEY_NSLocationWhenInUseUsageDescription = "We need your location to provide a better experience.";
				"INFOPLIST_KEY_UIApplicationSceneManifest_Generation[sdk=iphoneos*]" = YES;
				"INFOPLIST_KEY_UIApplicationSceneManifest_Generation[sdk=iphonesimulator*]" = YES;
				"INFOPLIST_KEY_UIApplicationSupportsIndirectInputEvents[sdk=iphoneos*]" = YES;
				"INFOPLIST_KEY_UIApplicationSupportsIndirectInputEvents[sdk=iphonesimulator*]" = YES;
				"INFOPLIST_KEY_UILaunchScreen_Generation[sdk=iphoneos*]" = YES;
				"INFOPLIST_KEY_UILaunchScreen_Generation[sdk=iphonesimulator*]" = YES;
				"INFOPLIST_KEY_UIStatusBarStyle[sdk=iphoneos*]" = UIStatusBarStyleDefault;
				"INFOPLIST_KEY_UIStatusBarStyle[sdk=iphonesimulator*]" = UIStatusBarStyleDefault;
				INFOPLIST_KEY_UISupportedInterfaceOrientations_iPad = "UIInterfaceOrientationPortrait UIInterfaceOrientationPortraitUpsideDown UIInterfaceOrientationLandscapeLeft UIInterfaceOrientationLandscapeRight";
				INFOPLIST_KEY_UISupportedInterfaceOrientations_iPhone = "UIInterfaceOrientationPortrait UIInterfaceOrientationLandscapeLeft UIInterfaceOrientationLandscapeRight";
				IPHONEOS_DEPLOYMENT_TARGET = 17.5;
				LD_RUNPATH_SEARCH_PATHS = "@executable_path/Frameworks";
				"LD_RUNPATH_SEARCH_PATHS[sdk=macosx*]" = "@executable_path/../Frameworks";
				MACOSX_DEPLOYMENT_TARGET = 14.5;
				MARKETING_VERSION = 1.0;
				PRODUCT_BUNDLE_IDENTIFIER = com.ngenart.dataArt;
				PRODUCT_NAME = "$(TARGET_NAME)";
				SDKROOT = auto;
				SUPPORTED_PLATFORMS = "iphoneos iphonesimulator macosx";
				SWIFT_EMIT_LOC_STRINGS = YES;
				SWIFT_VERSION = 5.0;
				TARGETED_DEVICE_FAMILY = "1,2";
			};
			name = Release;
		};
		EB2885282C7037F80054C8D3 /* Debug */ = {
			isa = XCBuildConfiguration;
			buildSettings = {
				BUNDLE_LOADER = "$(TEST_HOST)";
				CODE_SIGN_STYLE = Automatic;
				CURRENT_PROJECT_VERSION = 1;
				DEAD_CODE_STRIPPING = YES;
				DEVELOPMENT_TEAM = 36PZSC8FZV;
				GENERATE_INFOPLIST_FILE = YES;
				IPHONEOS_DEPLOYMENT_TARGET = 17.5;
				MACOSX_DEPLOYMENT_TARGET = 14.5;
				MARKETING_VERSION = 1.0;
				PRODUCT_BUNDLE_IDENTIFIER = ngen.ngenartTests;
				PRODUCT_NAME = "$(TARGET_NAME)";
				SDKROOT = auto;
				SUPPORTED_PLATFORMS = "iphoneos iphonesimulator macosx";
				SWIFT_EMIT_LOC_STRINGS = NO;
				SWIFT_VERSION = 5.0;
				TARGETED_DEVICE_FAMILY = "1,2";
				TEST_HOST = "$(BUILT_PRODUCTS_DIR)/ngenart.app/$(BUNDLE_EXECUTABLE_FOLDER_PATH)/ngenart";
			};
			name = Debug;
		};
		EB2885292C7037F80054C8D3 /* Release */ = {
			isa = XCBuildConfiguration;
			buildSettings = {
				BUNDLE_LOADER = "$(TEST_HOST)";
				CODE_SIGN_STYLE = Automatic;
				CURRENT_PROJECT_VERSION = 1;
				DEAD_CODE_STRIPPING = YES;
				DEVELOPMENT_TEAM = 36PZSC8FZV;
				GENERATE_INFOPLIST_FILE = YES;
				IPHONEOS_DEPLOYMENT_TARGET = 17.5;
				MACOSX_DEPLOYMENT_TARGET = 14.5;
				MARKETING_VERSION = 1.0;
				PRODUCT_BUNDLE_IDENTIFIER = ngen.ngenartTests;
				PRODUCT_NAME = "$(TARGET_NAME)";
				SDKROOT = auto;
				SUPPORTED_PLATFORMS = "iphoneos iphonesimulator macosx";
				SWIFT_EMIT_LOC_STRINGS = NO;
				SWIFT_VERSION = 5.0;
				TARGETED_DEVICE_FAMILY = "1,2";
				TEST_HOST = "$(BUILT_PRODUCTS_DIR)/ngenart.app/$(BUNDLE_EXECUTABLE_FOLDER_PATH)/ngenart";
			};
			name = Release;
		};
		EB28852B2C7037F80054C8D3 /* Debug */ = {
			isa = XCBuildConfiguration;
			buildSettings = {
				CODE_SIGN_STYLE = Automatic;
				CURRENT_PROJECT_VERSION = 1;
				DEAD_CODE_STRIPPING = YES;
				DEVELOPMENT_TEAM = 36PZSC8FZV;
				GENERATE_INFOPLIST_FILE = YES;
				IPHONEOS_DEPLOYMENT_TARGET = 17.5;
				MACOSX_DEPLOYMENT_TARGET = 14.5;
				MARKETING_VERSION = 1.0;
				PRODUCT_BUNDLE_IDENTIFIER = ngen.ngenartUITests;
				PRODUCT_NAME = "$(TARGET_NAME)";
				SDKROOT = auto;
				SUPPORTED_PLATFORMS = "iphoneos iphonesimulator macosx";
				SWIFT_EMIT_LOC_STRINGS = NO;
				SWIFT_VERSION = 5.0;
				TARGETED_DEVICE_FAMILY = "1,2";
				TEST_TARGET_NAME = ngenart;
			};
			name = Debug;
		};
		EB28852C2C7037F80054C8D3 /* Release */ = {
			isa = XCBuildConfiguration;
			buildSettings = {
				CODE_SIGN_STYLE = Automatic;
				CURRENT_PROJECT_VERSION = 1;
				DEAD_CODE_STRIPPING = YES;
				DEVELOPMENT_TEAM = 36PZSC8FZV;
				GENERATE_INFOPLIST_FILE = YES;
				IPHONEOS_DEPLOYMENT_TARGET = 17.5;
				MACOSX_DEPLOYMENT_TARGET = 14.5;
				MARKETING_VERSION = 1.0;
				PRODUCT_BUNDLE_IDENTIFIER = ngen.ngenartUITests;
				PRODUCT_NAME = "$(TARGET_NAME)";
				SDKROOT = auto;
				SUPPORTED_PLATFORMS = "iphoneos iphonesimulator macosx";
				SWIFT_EMIT_LOC_STRINGS = NO;
				SWIFT_VERSION = 5.0;
				TARGETED_DEVICE_FAMILY = "1,2";
				TEST_TARGET_NAME = ngenart;
			};
			name = Release;
		};
		EBA8A85B2C935F1000E895FA /* Debug */ = {
			isa = XCBuildConfiguration;
			buildSettings = {
				ASSETCATALOG_COMPILER_GLOBAL_ACCENT_COLOR_NAME = AccentColor;
				ASSETCATALOG_COMPILER_WIDGET_BACKGROUND_COLOR_NAME = WidgetBackground;
				CODE_SIGN_ENTITLEMENTS = GenArtWidgetExtension.entitlements;
				CODE_SIGN_STYLE = Automatic;
				CURRENT_PROJECT_VERSION = 1;
				DEVELOPMENT_TEAM = HY8S2WXJ2X;
				GENERATE_INFOPLIST_FILE = YES;
				INFOPLIST_FILE = GenArtWidget/Info.plist;
				INFOPLIST_KEY_CFBundleDisplayName = GenArtWidget;
				INFOPLIST_KEY_NSHealthShareUsageDescription = "This app requires access to your step count data, walking and running distance data, and sleep data to generate art.";
				INFOPLIST_KEY_NSHumanReadableCopyright = "";
				IPHONEOS_DEPLOYMENT_TARGET = 17.5;
				LD_RUNPATH_SEARCH_PATHS = (
					"$(inherited)",
					"@executable_path/Frameworks",
					"@executable_path/../../Frameworks",
				);
				MARKETING_VERSION = 1.0;
				PRODUCT_BUNDLE_IDENTIFIER = com.ngenart.dataArt.widget;
				PRODUCT_NAME = "$(TARGET_NAME)";
				SDKROOT = iphoneos;
				SKIP_INSTALL = YES;
				SWIFT_EMIT_LOC_STRINGS = YES;
				SWIFT_VERSION = 5.0;
				TARGETED_DEVICE_FAMILY = "1,2";
			};
			name = Debug;
		};
		EBA8A85C2C935F1000E895FA /* Release */ = {
			isa = XCBuildConfiguration;
			buildSettings = {
				ASSETCATALOG_COMPILER_GLOBAL_ACCENT_COLOR_NAME = AccentColor;
				ASSETCATALOG_COMPILER_WIDGET_BACKGROUND_COLOR_NAME = WidgetBackground;
				CODE_SIGN_ENTITLEMENTS = GenArtWidgetExtension.entitlements;
				CODE_SIGN_STYLE = Automatic;
				CURRENT_PROJECT_VERSION = 1;
				DEVELOPMENT_TEAM = HY8S2WXJ2X;
				GENERATE_INFOPLIST_FILE = YES;
				INFOPLIST_FILE = GenArtWidget/Info.plist;
				INFOPLIST_KEY_CFBundleDisplayName = GenArtWidget;
				INFOPLIST_KEY_NSHealthShareUsageDescription = "This app requires access to your step count data, walking and running distance data, and sleep data to generate art.";
				INFOPLIST_KEY_NSHumanReadableCopyright = "";
				IPHONEOS_DEPLOYMENT_TARGET = 17.5;
				LD_RUNPATH_SEARCH_PATHS = (
					"$(inherited)",
					"@executable_path/Frameworks",
					"@executable_path/../../Frameworks",
				);
				MARKETING_VERSION = 1.0;
				PRODUCT_BUNDLE_IDENTIFIER = com.ngenart.dataArt.widget;
				PRODUCT_NAME = "$(TARGET_NAME)";
				SDKROOT = iphoneos;
				SKIP_INSTALL = YES;
				SWIFT_EMIT_LOC_STRINGS = YES;
				SWIFT_VERSION = 5.0;
				TARGETED_DEVICE_FAMILY = "1,2";
				VALIDATE_PRODUCT = YES;
			};
			name = Release;
		};
/* End XCBuildConfiguration section */

/* Begin XCConfigurationList section */
		EB2884FA2C7037F50054C8D3 /* Build configuration list for PBXProject "ngenart" */ = {
			isa = XCConfigurationList;
			buildConfigurations = (
				EB2885222C7037F80054C8D3 /* Debug */,
				EB2885232C7037F80054C8D3 /* Release */,
			);
			defaultConfigurationIsVisible = 0;
			defaultConfigurationName = Release;
		};
		EB2885242C7037F80054C8D3 /* Build configuration list for PBXNativeTarget "ngenart" */ = {
			isa = XCConfigurationList;
			buildConfigurations = (
				EB2885252C7037F80054C8D3 /* Debug */,
				EB2885262C7037F80054C8D3 /* Release */,
			);
			defaultConfigurationIsVisible = 0;
			defaultConfigurationName = Release;
		};
		EB2885272C7037F80054C8D3 /* Build configuration list for PBXNativeTarget "ngenartTests" */ = {
			isa = XCConfigurationList;
			buildConfigurations = (
				EB2885282C7037F80054C8D3 /* Debug */,
				EB2885292C7037F80054C8D3 /* Release */,
			);
			defaultConfigurationIsVisible = 0;
			defaultConfigurationName = Release;
		};
		EB28852A2C7037F80054C8D3 /* Build configuration list for PBXNativeTarget "ngenartUITests" */ = {
			isa = XCConfigurationList;
			buildConfigurations = (
				EB28852B2C7037F80054C8D3 /* Debug */,
				EB28852C2C7037F80054C8D3 /* Release */,
			);
			defaultConfigurationIsVisible = 0;
			defaultConfigurationName = Release;
		};
		EBA8A85D2C935F1000E895FA /* Build configuration list for PBXNativeTarget "GenArtWidgetExtension" */ = {
			isa = XCConfigurationList;
			buildConfigurations = (
				EBA8A85B2C935F1000E895FA /* Debug */,
				EBA8A85C2C935F1000E895FA /* Release */,
			);
			defaultConfigurationIsVisible = 0;
			defaultConfigurationName = Release;
		};
/* End XCConfigurationList section */
	};
	rootObject = EB2884F72C7037F50054C8D3 /* Project object */;
}
