// !$*UTF8*$!
{
	archiveVersion = 1;
	classes = {
	};
	objectVersion = 56;
	objects = {

/* Begin PBXBuildFile section */
		EB2885032C7037F50054C8D3 /* ngenartApp.swift in Sources */ = {isa = PBXBuildFile; fileRef = EB2885022C7037F50054C8D3 /* ngenartApp.swift */; };
		EB2885052C7037F50054C8D3 /* ContentView.swift in Sources */ = {isa = PBXBuildFile; fileRef = EB2885042C7037F50054C8D3 /* ContentView.swift */; };
		EB2885072C7037F80054C8D3 /* Assets.xcassets in Resources */ = {isa = PBXBuildFile; fileRef = EB2885062C7037F80054C8D3 /* Assets.xcassets */; };
		EB28850B2C7037F80054C8D3 /* Preview Assets.xcassets in Resources */ = {isa = PBXBuildFile; fileRef = EB28850A2C7037F80054C8D3 /* Preview Assets.xcassets */; };
		EB2885152C7037F80054C8D3 /* ngenartTests.swift in Sources */ = {isa = PBXBuildFile; fileRef = EB2885142C7037F80054C8D3 /* ngenartTests.swift */; };
		EB28851F2C7037F80054C8D3 /* ngenartUITests.swift in Sources */ = {isa = PBXBuildFile; fileRef = EB28851E2C7037F80054C8D3 /* ngenartUITests.swift */; };
		EB2885212C7037F80054C8D3 /* ngenartUITestsLaunchTests.swift in Sources */ = {isa = PBXBuildFile; fileRef = EB2885202C7037F80054C8D3 /* ngenartUITestsLaunchTests.swift */; };
/* End PBXBuildFile section */

/* Begin PBXContainerItemProxy section */
		EB2885112C7037F80054C8D3 /* PBXContainerItemProxy */ = {
			isa = PBXContainerItemProxy;
			containerPortal = EB2884F72C7037F50054C8D3 /* Project object */;
			proxyType = 1;
			remoteGlobalIDString = EB2884FE2C7037F50054C8D3;
			remoteInfo = ngenart;
		};
		EB28851B2C7037F80054C8D3 /* PBXContainerItemProxy */ = {
			isa = PBXContainerItemProxy;
			containerPortal = EB2884F72C7037F50054C8D3 /* Project object */;
			proxyType = 1;
			remoteGlobalIDString = EB2884FE2C7037F50054C8D3;
			remoteInfo = ngenart;
		};
/* End PBXContainerItemProxy section */

/* Begin PBXFileReference section */
		EB2884FF2C7037F50054C8D3 /* ngenart.app */ = {isa = PBXFileReference; explicitFileType = wrapper.application; includeInIndex = 0; path = ngenart.app; sourceTree = BUILT_PRODUCTS_DIR; };
		EB2885022C7037F50054C8D3 /* ngenartApp.swift */ = {isa = PBXFileReference; lastKnownFileType = sourcecode.swift; path = ngenartApp.swift; sourceTree = "<group>"; };
		EB2885042C7037F50054C8D3 /* ContentView.swift */ = {isa = PBXFileReference; lastKnownFileType = sourcecode.swift; path = ContentView.swift; sourceTree = "<group>"; };
		EB2885062C7037F80054C8D3 /* Assets.xcassets */ = {isa = PBXFileReference; lastKnownFileType = folder.assetcatalog; path = Assets.xcassets; sourceTree = "<group>"; };
		EB2885082C7037F80054C8D3 /* ngenart.entitlements */ = {isa = PBXFileReference; lastKnownFileType = text.plist.entitlements; path = ngenart.entitlements; sourceTree = "<group>"; };
		EB28850A2C7037F80054C8D3 /* Preview Assets.xcassets */ = {isa = PBXFileReference; lastKnownFileType = folder.assetcatalog; path = "Preview Assets.xcassets"; sourceTree = "<group>"; };
		EB2885102C7037F80054C8D3 /* ngenartTests.xctest */ = {isa = PBXFileReference; explicitFileType = wrapper.cfbundle; includeInIndex = 0; path = ngenartTests.xctest; sourceTree = BUILT_PRODUCTS_DIR; };
		EB2885142C7037F80054C8D3 /* ngenartTests.swift */ = {isa = PBXFileReference; lastKnownFileType = sourcecode.swift; path = ngenartTests.swift; sourceTree = "<group>"; };
		EB28851A2C7037F80054C8D3 /* ngenartUITests.xctest */ = {isa = PBXFileReference; explicitFileType = wrapper.cfbundle; includeInIndex = 0; path = ngenartUITests.xctest; sourceTree = BUILT_PRODUCTS_DIR; };
		EB28851E2C7037F80054C8D3 /* ngenartUITests.swift */ = {isa = PBXFileReference; lastKnownFileType = sourcecode.swift; path = ngenartUITests.swift; sourceTree = "<group>"; };
		EB2885202C7037F80054C8D3 /* ngenartUITestsLaunchTests.swift */ = {isa = PBXFileReference; lastKnownFileType = sourcecode.swift; path = ngenartUITestsLaunchTests.swift; sourceTree = "<group>"; };
/* End PBXFileReference section */

/* Begin PBXFrameworksBuildPhase section */
		EB2884FC2C7037F50054C8D3 /* Frameworks */ = {
			isa = PBXFrameworksBuildPhase;
			buildActionMask = 2147483647;
			files = (
			);
			runOnlyForDeploymentPostprocessing = 0;
		};
		EB28850D2C7037F80054C8D3 /* Frameworks */ = {
			isa = PBXFrameworksBuildPhase;
			buildActionMask = 2147483647;
			files = (
			);
			runOnlyForDeploymentPostprocessing = 0;
		};
		EB2885172C7037F80054C8D3 /* Frameworks */ = {
			isa = PBXFrameworksBuildPhase;
			buildActionMask = 2147483647;
			files = (
			);
			runOnlyForDeploymentPostprocessing = 0;
		};
/* End PBXFrameworksBuildPhase section */

/* Begin PBXGroup section */
		EB2884F62C7037F50054C8D3 = {
			isa = PBXGroup;
			children = (
				EB2885012C7037F50054C8D3 /* ngenart */,
				EB2885132C7037F80054C8D3 /* ngenartTests */,
				EB28851D2C7037F80054C8D3 /* ngenartUITests */,
				EB2885002C7037F50054C8D3 /* Products */,
			);
			sourceTree = "<group>";
		};
		EB2885002C7037F50054C8D3 /* Products */ = {
			isa = PBXGroup;
			children = (
				EB2884FF2C7037F50054C8D3 /* ngenart.app */,
				EB2885102C7037F80054C8D3 /* ngenartTests.xctest */,
				EB28851A2C7037F80054C8D3 /* ngenartUITests.xctest */,
			);
			name = Products;
			sourceTree = "<group>";
		};
		EB2885012C7037F50054C8D3 /* ngenart */ = {
			isa = PBXGroup;
			children = (
				EB2885022C7037F50054C8D3 /* ngenartApp.swift */,
				EB2885042C7037F50054C8D3 /* ContentView.swift */,
				EB2885062C7037F80054C8D3 /* Assets.xcassets */,
				EB2885082C7037F80054C8D3 /* ngenart.entitlements */,
				EB2885092C7037F80054C8D3 /* Preview Content */,
			);
			path = ngenart;
			sourceTree = "<group>";
		};
		EB2885092C7037F80054C8D3 /* Preview Content */ = {
			isa = PBXGroup;
			children = (
				EB28850A2C7037F80054C8D3 /* Preview Assets.xcassets */,
			);
			path = "Preview Content";
			sourceTree = "<group>";
		};
		EB2885132C7037F80054C8D3 /* ngenartTests */ = {
			isa = PBXGroup;
			children = (
				EB2885142C7037F80054C8D3 /* ngenartTests.swift */,
			);
			path = ngenartTests;
			sourceTree = "<group>";
		};
		EB28851D2C7037F80054C8D3 /* ngenartUITests */ = {
			isa = PBXGroup;
			children = (
				EB28851E2C7037F80054C8D3 /* ngenartUITests.swift */,
				EB2885202C7037F80054C8D3 /* ngenartUITestsLaunchTests.swift */,
			);
			path = ngenartUITests;
			sourceTree = "<group>";
		};
/* End PBXGroup section */

/* Begin PBXNativeTarget section */
		EB2884FE2C7037F50054C8D3 /* ngenart */ = {
			isa = PBXNativeTarget;
			buildConfigurationList = EB2885242C7037F80054C8D3 /* Build configuration list for PBXNativeTarget "ngenart" */;
			buildPhases = (
				EB2884FB2C7037F50054C8D3 /* Sources */,
				EB2884FC2C7037F50054C8D3 /* Frameworks */,
				EB2884FD2C7037F50054C8D3 /* Resources */,
			);
			buildRules = (
			);
			dependencies = (
			);
			name = ngenart;
			productName = ngenart;
			productReference = EB2884FF2C7037F50054C8D3 /* ngenart.app */;
			productType = "com.apple.product-type.application";
		};
		EB28850F2C7037F80054C8D3 /* ngenartTests */ = {
			isa = PBXNativeTarget;
			buildConfigurationList = EB2885272C7037F80054C8D3 /* Build configuration list for PBXNativeTarget "ngenartTests" */;
			buildPhases = (
				EB28850C2C7037F80054C8D3 /* Sources */,
				EB28850D2C7037F80054C8D3 /* Frameworks */,
				EB28850E2C7037F80054C8D3 /* Resources */,
			);
			buildRules = (
			);
			dependencies = (
				EB2885122C7037F80054C8D3 /* PBXTargetDependency */,
			);
			name = ngenartTests;
			productName = ngenartTests;
			productReference = EB2885102C7037F80054C8D3 /* ngenartTests.xctest */;
			productType = "com.apple.product-type.bundle.unit-test";
		};
		EB2885192C7037F80054C8D3 /* ngenartUITests */ = {
			isa = PBXNativeTarget;
			buildConfigurationList = EB28852A2C7037F80054C8D3 /* Build configuration list for PBXNativeTarget "ngenartUITests" */;
			buildPhases = (
				EB2885162C7037F80054C8D3 /* Sources */,
				EB2885172C7037F80054C8D3 /* Frameworks */,
				EB2885182C7037F80054C8D3 /* Resources */,
			);
			buildRules = (
			);
			dependencies = (
				EB28851C2C7037F80054C8D3 /* PBXTargetDependency */,
			);
			name = ngenartUITests;
			productName = ngenartUITests;
			productReference = EB28851A2C7037F80054C8D3 /* ngenartUITests.xctest */;
			productType = "com.apple.product-type.bundle.ui-testing";
		};
/* End PBXNativeTarget section */

/* Begin PBXProject section */
		EB2884F72C7037F50054C8D3 /* Project object */ = {
			isa = PBXProject;
			attributes = {
				BuildIndependentTargetsInParallel = 1;
				LastSwiftUpdateCheck = 1540;
				LastUpgradeCheck = 1540;
				TargetAttributes = {
					EB2884FE2C7037F50054C8D3 = {
						CreatedOnToolsVersion = 15.4;
					};
					EB28850F2C7037F80054C8D3 = {
						CreatedOnToolsVersion = 15.4;
						TestTargetID = EB2884FE2C7037F50054C8D3;
					};
					EB2885192C7037F80054C8D3 = {
						CreatedOnToolsVersion = 15.4;
						TestTargetID = EB2884FE2C7037F50054C8D3;
					};
				};
			};
			buildConfigurationList = EB2884FA2C7037F50054C8D3 /* Build configuration list for PBXProject "ngenart" */;
			compatibilityVersion = "Xcode 14.0";
			developmentRegion = en;
			hasScannedForEncodings = 0;
			knownRegions = (
				en,
				Base,
			);
			mainGroup = EB2884F62C7037F50054C8D3;
			productRefGroup = EB2885002C7037F50054C8D3 /* Products */;
			projectDirPath = "";
			projectRoot = "";
			targets = (
				EB2884FE2C7037F50054C8D3 /* ngenart */,
				EB28850F2C7037F80054C8D3 /* ngenartTests */,
				EB2885192C7037F80054C8D3 /* ngenartUITests */,
			);
		};
/* End PBXProject section */

/* Begin PBXResourcesBuildPhase section */
		EB2884FD2C7037F50054C8D3 /* Resources */ = {
			isa = PBXResourcesBuildPhase;
			buildActionMask = 2147483647;
			files = (
				EB28850B2C7037F80054C8D3 /* Preview Assets.xcassets in Resources */,
				EB2885072C7037F80054C8D3 /* Assets.xcassets in Resources */,
			);
			runOnlyForDeploymentPostprocessing = 0;
		};
		EB28850E2C7037F80054C8D3 /* Resources */ = {
			isa = PBXResourcesBuildPhase;
			buildActionMask = 2147483647;
			files = (
			);
			runOnlyForDeploymentPostprocessing = 0;
		};
		EB2885182C7037F80054C8D3 /* Resources */ = {
			isa = PBXResourcesBuildPhase;
			buildActionMask = 2147483647;
			files = (
			);
			runOnlyForDeploymentPostprocessing = 0;
		};
/* End PBXResourcesBuildPhase section */

/* Begin PBXSourcesBuildPhase section */
		EB2884FB2C7037F50054C8D3 /* Sources */ = {
			isa = PBXSourcesBuildPhase;
			buildActionMask = 2147483647;
			files = (
				EB2885052C7037F50054C8D3 /* ContentView.swift in Sources */,
				EB2885032C7037F50054C8D3 /* ngenartApp.swift in Sources */,
			);
			runOnlyForDeploymentPostprocessing = 0;
		};
		EB28850C2C7037F80054C8D3 /* Sources */ = {
			isa = PBXSourcesBuildPhase;
			buildActionMask = 2147483647;
			files = (
				EB2885152C7037F80054C8D3 /* ngenartTests.swift in Sources */,
			);
			runOnlyForDeploymentPostprocessing = 0;
		};
		EB2885162C7037F80054C8D3 /* Sources */ = {
			isa = PBXSourcesBuildPhase;
			buildActionMask = 2147483647;
			files = (
				EB2885212C7037F80054C8D3 /* ngenartUITestsLaunchTests.swift in Sources */,
				EB28851F2C7037F80054C8D3 /* ngenartUITests.swift in Sources */,
			);
			runOnlyForDeploymentPostprocessing = 0;
		};
/* End PBXSourcesBuildPhase section */

/* Begin PBXTargetDependency section */
		EB2885122C7037F80054C8D3 /* PBXTargetDependency */ = {
			isa = PBXTargetDependency;
			target = EB2884FE2C7037F50054C8D3 /* ngenart */;
			targetProxy = EB2885112C7037F80054C8D3 /* PBXContainerItemProxy */;
		};
		EB28851C2C7037F80054C8D3 /* PBXTargetDependency */ = {
			isa = PBXTargetDependency;
			target = EB2884FE2C7037F50054C8D3 /* ngenart */;
			targetProxy = EB28851B2C7037F80054C8D3 /* PBXContainerItemProxy */;
		};
/* End PBXTargetDependency section */

/* Begin XCBuildConfiguration section */
		EB2885222C7037F80054C8D3 /* Debug */ = {
			isa = XCBuildConfiguration;
			buildSettings = {
				ALWAYS_SEARCH_USER_PATHS = NO;
				ASSETCATALOG_COMPILER_GENERATE_SWIFT_ASSET_SYMBOL_EXTENSIONS = YES;
				CLANG_ANALYZER_NONNULL = YES;
				CLANG_ANALYZER_NUMBER_OBJECT_CONVERSION = YES_AGGRESSIVE;
				CLANG_CXX_LANGUAGE_STANDARD = "gnu++20";
				CLANG_ENABLE_MODULES = YES;
				CLANG_ENABLE_OBJC_ARC = YES;
				CLANG_ENABLE_OBJC_WEAK = YES;
				CLANG_WARN_BLOCK_CAPTURE_AUTORELEASING = YES;
				CLANG_WARN_BOOL_CONVERSION = YES;
				CLANG_WARN_COMMA = YES;
				CLANG_WARN_CONSTANT_CONVERSION = YES;
				CLANG_WARN_DEPRECATED_OBJC_IMPLEMENTATIONS = YES;
				CLANG_WARN_DIRECT_OBJC_ISA_USAGE = YES_ERROR;
				CLANG_WARN_DOCUMENTATION_COMMENTS = YES;
				CLANG_WARN_EMPTY_BODY = YES;
				CLANG_WARN_ENUM_CONVERSION = YES;
				CLANG_WARN_INFINITE_RECURSION = YES;
				CLANG_WARN_INT_CONVERSION = YES;
				CLANG_WARN_NON_LITERAL_NULL_CONVERSION = YES;
				CLANG_WARN_OBJC_IMPLICIT_RETAIN_SELF = YES;
				CLANG_WARN_OBJC_LITERAL_CONVERSION = YES;
				CLANG_WARN_OBJC_ROOT_CLASS = YES_ERROR;
				CLANG_WARN_QUOTED_INCLUDE_IN_FRAMEWORK_HEADER = YES;
				CLANG_WARN_RANGE_LOOP_ANALYSIS = YES;
				CLANG_WARN_STRICT_PROTOTYPES = YES;
				CLANG_WARN_SUSPICIOUS_MOVE = YES;
				CLANG_WARN_UNGUARDED_AVAILABILITY = YES_AGGRESSIVE;
				CLANG_WARN_UNREACHABLE_CODE = YES;
				CLANG_WARN__DUPLICATE_METHOD_MATCH = YES;
				COPY_PHASE_STRIP = NO;
				DEBUG_INFORMATION_FORMAT = dwarf;
				ENABLE_STRICT_OBJC_MSGSEND = YES;
				ENABLE_TESTABILITY = YES;
				ENABLE_USER_SCRIPT_SANDBOXING = YES;
				GCC_C_LANGUAGE_STANDARD = gnu17;
				GCC_DYNAMIC_NO_PIC = NO;
				GCC_NO_COMMON_BLOCKS = YES;
				GCC_OPTIMIZATION_LEVEL = 0;
				GCC_PREPROCESSOR_DEFINITIONS = (
					"DEBUG=1",
					"$(inherited)",
				);
				GCC_WARN_64_TO_32_BIT_CONVERSION = YES;
				GCC_WARN_ABOUT_RETURN_TYPE = YES_ERROR;
				GCC_WARN_UNDECLARED_SELECTOR = YES;
				GCC_WARN_UNINITIALIZED_AUTOS = YES_AGGRESSIVE;
				GCC_WARN_UNUSED_FUNCTION = YES;
				GCC_WARN_UNUSED_VARIABLE = YES;
				LOCALIZATION_PREFERS_STRING_CATALOGS = YES;
				MTL_ENABLE_DEBUG_INFO = INCLUDE_SOURCE;
				MTL_FAST_MATH = YES;
				ONLY_ACTIVE_ARCH = YES;
				SWIFT_ACTIVE_COMPILATION_CONDITIONS = "DEBUG $(inherited)";
				SWIFT_OPTIMIZATION_LEVEL = "-Onone";
			};
			name = Debug;
		};
		EB2885232C7037F80054C8D3 /* Release */ = {
			isa = XCBuildConfiguration;
			buildSettings = {
				ALWAYS_SEARCH_USER_PATHS = NO;
				ASSETCATALOG_COMPILER_GENERATE_SWIFT_ASSET_SYMBOL_EXTENSIONS = YES;
				CLANG_ANALYZER_NONNULL = YES;
				CLANG_ANALYZER_NUMBER_OBJECT_CONVERSION = YES_AGGRESSIVE;
				CLANG_CXX_LANGUAGE_STANDARD = "gnu++20";
				CLANG_ENABLE_MODULES = YES;
				CLANG_ENABLE_OBJC_ARC = YES;
				CLANG_ENABLE_OBJC_WEAK = YES;
				CLANG_WARN_BLOCK_CAPTURE_AUTORELEASING = YES;
				CLANG_WARN_BOOL_CONVERSION = YES;
				CLANG_WARN_COMMA = YES;
				CLANG_WARN_CONSTANT_CONVERSION = YES;
				CLANG_WARN_DEPRECATED_OBJC_IMPLEMENTATIONS = YES;
				CLANG_WARN_DIRECT_OBJC_ISA_USAGE = YES_ERROR;
				CLANG_WARN_DOCUMENTATION_COMMENTS = YES;
				CLANG_WARN_EMPTY_BODY = YES;
				CLANG_WARN_ENUM_CONVERSION = YES;
				CLANG_WARN_INFINITE_RECURSION = YES;
				CLANG_WARN_INT_CONVERSION = YES;
				CLANG_WARN_NON_LITERAL_NULL_CONVERSION = YES;
				CLANG_WARN_OBJC_IMPLICIT_RETAIN_SELF = YES;
				CLANG_WARN_OBJC_LITERAL_CONVERSION = YES;
				CLANG_WARN_OBJC_ROOT_CLASS = YES_ERROR;
				CLANG_WARN_QUOTED_INCLUDE_IN_FRAMEWORK_HEADER = YES;
				CLANG_WARN_RANGE_LOOP_ANALYSIS = YES;
				CLANG_WARN_STRICT_PROTOTYPES = YES;
				CLANG_WARN_SUSPICIOUS_MOVE = YES;
				CLANG_WARN_UNGUARDED_AVAILABILITY = YES_AGGRESSIVE;
				CLANG_WARN_UNREACHABLE_CODE = YES;
				CLANG_WARN__DUPLICATE_METHOD_MATCH = YES;
				COPY_PHASE_STRIP = NO;
				DEBUG_INFORMATION_FORMAT = "dwarf-with-dsym";
				ENABLE_NS_ASSERTIONS = NO;
				ENABLE_STRICT_OBJC_MSGSEND = YES;
				ENABLE_USER_SCRIPT_SANDBOXING = YES;
				GCC_C_LANGUAGE_STANDARD = gnu17;
				GCC_NO_COMMON_BLOCKS = YES;
				GCC_WARN_64_TO_32_BIT_CONVERSION = YES;
				GCC_WARN_ABOUT_RETURN_TYPE = YES_ERROR;
				GCC_WARN_UNDECLARED_SELECTOR = YES;
				GCC_WARN_UNINITIALIZED_AUTOS = YES_AGGRESSIVE;
				GCC_WARN_UNUSED_FUNCTION = YES;
				GCC_WARN_UNUSED_VARIABLE = YES;
				LOCALIZATION_PREFERS_STRING_CATALOGS = YES;
				MTL_ENABLE_DEBUG_INFO = NO;
				MTL_FAST_MATH = YES;
				SWIFT_COMPILATION_MODE = wholemodule;
			};
			name = Release;
		};
		EB2885252C7037F80054C8D3 /* Debug */ = {
			isa = XCBuildConfiguration;
			buildSettings = {
				ASSETCATALOG_COMPILER_APPICON_NAME = AppIcon;
				ASSETCATALOG_COMPILER_GLOBAL_ACCENT_COLOR_NAME = AccentColor;
				CODE_SIGN_ENTITLEMENTS = ngenart/ngenart.entitlements;
				CODE_SIGN_STYLE = Automatic;
				CURRENT_PROJECT_VERSION = 1;
				DEVELOPMENT_ASSET_PATHS = "\"ngenart/Preview Content\"";
				ENABLE_PREVIEWS = YES;
				GENERATE_INFOPLIST_FILE = YES;
				"INFOPLIST_KEY_UIApplicationSceneManifest_Generation[sdk=iphoneos*]" = YES;
				"INFOPLIST_KEY_UIApplicationSceneManifest_Generation[sdk=iphonesimulator*]" = YES;
				"INFOPLIST_KEY_UIApplicationSupportsIndirectInputEvents[sdk=iphoneos*]" = YES;
				"INFOPLIST_KEY_UIApplicationSupportsIndirectInputEvents[sdk=iphonesimulator*]" = YES;
				"INFOPLIST_KEY_UILaunchScreen_Generation[sdk=iphoneos*]" = YES;
				"INFOPLIST_KEY_UILaunchScreen_Generation[sdk=iphonesimulator*]" = YES;
				"INFOPLIST_KEY_UIStatusBarStyle[sdk=iphoneos*]" = UIStatusBarStyleDefault;
				"INFOPLIST_KEY_UIStatusBarStyle[sdk=iphonesimulator*]" = UIStatusBarStyleDefault;
				INFOPLIST_KEY_UISupportedInterfaceOrientations_iPad = "UIInterfaceOrientationPortrait UIInterfaceOrientationPortraitUpsideDown UIInterfaceOrientationLandscapeLeft UIInterfaceOrientationLandscapeRight";
				INFOPLIST_KEY_UISupportedInterfaceOrientations_iPhone = "UIInterfaceOrientationPortrait UIInterfaceOrientationLandscapeLeft UIInterfaceOrientationLandscapeRight";
				IPHONEOS_DEPLOYMENT_TARGET = 17.5;
				LD_RUNPATH_SEARCH_PATHS = "@executable_path/Frameworks";
				"LD_RUNPATH_SEARCH_PATHS[sdk=macosx*]" = "@executable_path/../Frameworks";
				MACOSX_DEPLOYMENT_TARGET = 14.5;
				MARKETING_VERSION = 1.0;
				PRODUCT_BUNDLE_IDENTIFIER = ngen.ngenart;
				PRODUCT_NAME = "$(TARGET_NAME)";
				SDKROOT = auto;
				SUPPORTED_PLATFORMS = "iphoneos iphonesimulator macosx";
				SWIFT_EMIT_LOC_STRINGS = YES;
				SWIFT_VERSION = 5.0;
				TARGETED_DEVICE_FAMILY = "1,2";
			};
			name = Debug;
		};
		EB2885262C7037F80054C8D3 /* Release */ = {
			isa = XCBuildConfiguration;
			buildSettings = {
				ASSETCATALOG_COMPILER_APPICON_NAME = AppIcon;
				ASSETCATALOG_COMPILER_GLOBAL_ACCENT_COLOR_NAME = AccentColor;
				CODE_SIGN_ENTITLEMENTS = ngenart/ngenart.entitlements;
				CODE_SIGN_STYLE = Automatic;
				CURRENT_PROJECT_VERSION = 1;
				DEVELOPMENT_ASSET_PATHS = "\"ngenart/Preview Content\"";
				ENABLE_PREVIEWS = YES;
				GENERATE_INFOPLIST_FILE = YES;
				"INFOPLIST_KEY_UIApplicationSceneManifest_Generation[sdk=iphoneos*]" = YES;
				"INFOPLIST_KEY_UIApplicationSceneManifest_Generation[sdk=iphonesimulator*]" = YES;
				"INFOPLIST_KEY_UIApplicationSupportsIndirectInputEvents[sdk=iphoneos*]" = YES;
				"INFOPLIST_KEY_UIApplicationSupportsIndirectInputEvents[sdk=iphonesimulator*]" = YES;
				"INFOPLIST_KEY_UILaunchScreen_Generation[sdk=iphoneos*]" = YES;
				"INFOPLIST_KEY_UILaunchScreen_Generation[sdk=iphonesimulator*]" = YES;
				"INFOPLIST_KEY_UIStatusBarStyle[sdk=iphoneos*]" = UIStatusBarStyleDefault;
				"INFOPLIST_KEY_UIStatusBarStyle[sdk=iphonesimulator*]" = UIStatusBarStyleDefault;
				INFOPLIST_KEY_UISupportedInterfaceOrientations_iPad = "UIInterfaceOrientationPortrait UIInterfaceOrientationPortraitUpsideDown UIInterfaceOrientationLandscapeLeft UIInterfaceOrientationLandscapeRight";
				INFOPLIST_KEY_UISupportedInterfaceOrientations_iPhone = "UIInterfaceOrientationPortrait UIInterfaceOrientationLandscapeLeft UIInterfaceOrientationLandscapeRight";
				IPHONEOS_DEPLOYMENT_TARGET = 17.5;
				LD_RUNPATH_SEARCH_PATHS = "@executable_path/Frameworks";
				"LD_RUNPATH_SEARCH_PATHS[sdk=macosx*]" = "@executable_path/../Frameworks";
				MACOSX_DEPLOYMENT_TARGET = 14.5;
				MARKETING_VERSION = 1.0;
				PRODUCT_BUNDLE_IDENTIFIER = ngen.ngenart;
				PRODUCT_NAME = "$(TARGET_NAME)";
				SDKROOT = auto;
				SUPPORTED_PLATFORMS = "iphoneos iphonesimulator macosx";
				SWIFT_EMIT_LOC_STRINGS = YES;
				SWIFT_VERSION = 5.0;
				TARGETED_DEVICE_FAMILY = "1,2";
			};
			name = Release;
		};
		EB2885282C7037F80054C8D3 /* Debug */ = {
			isa = XCBuildConfiguration;
			buildSettings = {
				ALWAYS_EMBED_SWIFT_STANDARD_LIBRARIES = YES;
				BUNDLE_LOADER = "$(TEST_HOST)";
				CODE_SIGN_STYLE = Automatic;
				CURRENT_PROJECT_VERSION = 1;
				GENERATE_INFOPLIST_FILE = YES;
				IPHONEOS_DEPLOYMENT_TARGET = 17.5;
				MACOSX_DEPLOYMENT_TARGET = 14.5;
				MARKETING_VERSION = 1.0;
				PRODUCT_BUNDLE_IDENTIFIER = ngen.ngenartTests;
				PRODUCT_NAME = "$(TARGET_NAME)";
				SDKROOT = auto;
				SUPPORTED_PLATFORMS = "iphoneos iphonesimulator macosx";
				SWIFT_EMIT_LOC_STRINGS = NO;
				SWIFT_VERSION = 5.0;
				TARGETED_DEVICE_FAMILY = "1,2";
				TEST_HOST = "$(BUILT_PRODUCTS_DIR)/ngenart.app/$(BUNDLE_EXECUTABLE_FOLDER_PATH)/ngenart";
			};
			name = Debug;
		};
		EB2885292C7037F80054C8D3 /* Release */ = {
			isa = XCBuildConfiguration;
			buildSettings = {
				ALWAYS_EMBED_SWIFT_STANDARD_LIBRARIES = YES;
				BUNDLE_LOADER = "$(TEST_HOST)";
				CODE_SIGN_STYLE = Automatic;
				CURRENT_PROJECT_VERSION = 1;
				GENERATE_INFOPLIST_FILE = YES;
				IPHONEOS_DEPLOYMENT_TARGET = 17.5;
				MACOSX_DEPLOYMENT_TARGET = 14.5;
				MARKETING_VERSION = 1.0;
				PRODUCT_BUNDLE_IDENTIFIER = ngen.ngenartTests;
				PRODUCT_NAME = "$(TARGET_NAME)";
				SDKROOT = auto;
				SUPPORTED_PLATFORMS = "iphoneos iphonesimulator macosx";
				SWIFT_EMIT_LOC_STRINGS = NO;
				SWIFT_VERSION = 5.0;
				TARGETED_DEVICE_FAMILY = "1,2";
				TEST_HOST = "$(BUILT_PRODUCTS_DIR)/ngenart.app/$(BUNDLE_EXECUTABLE_FOLDER_PATH)/ngenart";
			};
			name = Release;
		};
		EB28852B2C7037F80054C8D3 /* Debug */ = {
			isa = XCBuildConfiguration;
			buildSettings = {
				ALWAYS_EMBED_SWIFT_STANDARD_LIBRARIES = YES;
				CODE_SIGN_STYLE = Automatic;
				CURRENT_PROJECT_VERSION = 1;
				GENERATE_INFOPLIST_FILE = YES;
				IPHONEOS_DEPLOYMENT_TARGET = 17.5;
				MACOSX_DEPLOYMENT_TARGET = 14.5;
				MARKETING_VERSION = 1.0;
				PRODUCT_BUNDLE_IDENTIFIER = ngen.ngenartUITests;
				PRODUCT_NAME = "$(TARGET_NAME)";
				SDKROOT = auto;
				SUPPORTED_PLATFORMS = "iphoneos iphonesimulator macosx";
				SWIFT_EMIT_LOC_STRINGS = NO;
				SWIFT_VERSION = 5.0;
				TARGETED_DEVICE_FAMILY = "1,2";
				TEST_TARGET_NAME = ngenart;
			};
			name = Debug;
		};
		EB28852C2C7037F80054C8D3 /* Release */ = {
			isa = XCBuildConfiguration;
			buildSettings = {
				ALWAYS_EMBED_SWIFT_STANDARD_LIBRARIES = YES;
				CODE_SIGN_STYLE = Automatic;
				CURRENT_PROJECT_VERSION = 1;
				GENERATE_INFOPLIST_FILE = YES;
				IPHONEOS_DEPLOYMENT_TARGET = 17.5;
				MACOSX_DEPLOYMENT_TARGET = 14.5;
				MARKETING_VERSION = 1.0;
				PRODUCT_BUNDLE_IDENTIFIER = ngen.ngenartUITests;
				PRODUCT_NAME = "$(TARGET_NAME)";
				SDKROOT = auto;
				SUPPORTED_PLATFORMS = "iphoneos iphonesimulator macosx";
				SWIFT_EMIT_LOC_STRINGS = NO;
				SWIFT_VERSION = 5.0;
				TARGETED_DEVICE_FAMILY = "1,2";
				TEST_TARGET_NAME = ngenart;
			};
			name = Release;
		};
/* End XCBuildConfiguration section */

/* Begin XCConfigurationList section */
		EB2884FA2C7037F50054C8D3 /* Build configuration list for PBXProject "ngenart" */ = {
			isa = XCConfigurationList;
			buildConfigurations = (
				EB2885222C7037F80054C8D3 /* Debug */,
				EB2885232C7037F80054C8D3 /* Release */,
			);
			defaultConfigurationIsVisible = 0;
			defaultConfigurationName = Release;
		};
		EB2885242C7037F80054C8D3 /* Build configuration list for PBXNativeTarget "ngenart" */ = {
			isa = XCConfigurationList;
			buildConfigurations = (
				EB2885252C7037F80054C8D3 /* Debug */,
				EB2885262C7037F80054C8D3 /* Release */,
			);
			defaultConfigurationIsVisible = 0;
			defaultConfigurationName = Release;
		};
		EB2885272C7037F80054C8D3 /* Build configuration list for PBXNativeTarget "ngenartTests" */ = {
			isa = XCConfigurationList;
			buildConfigurations = (
				EB2885282C7037F80054C8D3 /* Debug */,
				EB2885292C7037F80054C8D3 /* Release */,
			);
			defaultConfigurationIsVisible = 0;
			defaultConfigurationName = Release;
		};
		EB28852A2C7037F80054C8D3 /* Build configuration list for PBXNativeTarget "ngenartUITests" */ = {
			isa = XCConfigurationList;
			buildConfigurations = (
				EB28852B2C7037F80054C8D3 /* Debug */,
				EB28852C2C7037F80054C8D3 /* Release */,
			);
			defaultConfigurationIsVisible = 0;
			defaultConfigurationName = Release;
		};
/* End XCConfigurationList section */
	};
	rootObject = EB2884F72C7037F50054C8D3 /* Project object */;
}
